// !$*UTF8*$!
{
	archiveVersion = 1;
	classes = {
	};
	objectVersion = 46;
	objects = {

/* Begin PBXBuildFile section */
		181D505215D18B510035244D /* Default.png in Resources */ = {isa = PBXBuildFile; fileRef = 181D504E15D18B510035244D /* Default.png */; };
		181D505315D18B510035244D /* Default~ipad.png in Resources */ = {isa = PBXBuildFile; fileRef = 181D504F15D18B510035244D /* Default~ipad.png */; };
		181D505415D18B510035244D /* icon.png in Resources */ = {isa = PBXBuildFile; fileRef = 181D505015D18B510035244D /* icon.png */; };
		181D505515D18B510035244D /* icon@2x.png in Resources */ = {isa = PBXBuildFile; fileRef = 181D505115D18B510035244D /* icon@2x.png */; };
		18703DB715D387C0004B3C67 /* Hybrid in Resources */ = {isa = PBXBuildFile; fileRef = 18703DB615D387C0004B3C67 /* Hybrid */; };
		18703DBB15D3A501004B3C67 /* TaskModel.xcdatamodeld in Sources */ = {isa = PBXBuildFile; fileRef = 18703DB915D3A501004B3C67 /* TaskModel.xcdatamodeld */; };
		18703DBE15D3CA2A004B3C67 /* CooperPlugin.m in Sources */ = {isa = PBXBuildFile; fileRef = 18703DBD15D3CA2A004B3C67 /* CooperPlugin.m */; };
		188465CC15D3567400BFC7CE /* libCodesharpSDK.a in Frameworks */ = {isa = PBXBuildFile; fileRef = 188465CB15D3566200BFC7CE /* libCodesharpSDK.a */; };
		188465CD15D3567400BFC7CE /* libCooperCore.a in Frameworks */ = {isa = PBXBuildFile; fileRef = 188465B915D3564700BFC7CE /* libCooperCore.a */; };
		188465CE15D3567400BFC7CE /* libCooperRepository.a in Frameworks */ = {isa = PBXBuildFile; fileRef = 188465BF15D3565200BFC7CE /* libCooperRepository.a */; };
		188465CF15D3567400BFC7CE /* libCooperService.a in Frameworks */ = {isa = PBXBuildFile; fileRef = 188465C515D3565900BFC7CE /* libCooperService.a */; };
		188465D315D367A500BFC7CE /* SysConfig.m in Sources */ = {isa = PBXBuildFile; fileRef = 188465D215D367A500BFC7CE /* SysConfig.m */; };
		188465D615D36CB600BFC7CE /* Config.plist in Resources */ = {isa = PBXBuildFile; fileRef = 188465D515D36CB600BFC7CE /* Config.plist */; };
		1884E34915D60DC00085AC95 /* CooperPluginResult.m in Sources */ = {isa = PBXBuildFile; fileRef = 1884E34815D60DC00085AC95 /* CooperPluginResult.m */; };
		1894480415D1811600134D0D /* LICENSE in Resources */ = {isa = PBXBuildFile; fileRef = 189447F815D1811600134D0D /* LICENSE */; };
		1894480515D1811600134D0D /* NSObject+SBJSON.m in Sources */ = {isa = PBXBuildFile; fileRef = 189447FA15D1811600134D0D /* NSObject+SBJSON.m */; };
		1894480615D1811600134D0D /* NSString+SBJSON.m in Sources */ = {isa = PBXBuildFile; fileRef = 189447FC15D1811600134D0D /* NSString+SBJSON.m */; };
		1894480715D1811600134D0D /* SBJsonBase.m in Sources */ = {isa = PBXBuildFile; fileRef = 189447FF15D1811600134D0D /* SBJsonBase.m */; };
		1894480815D1811600134D0D /* SBJsonParser.m in Sources */ = {isa = PBXBuildFile; fileRef = 1894480115D1811600134D0D /* SBJsonParser.m */; };
		1894480915D1811600134D0D /* SBJsonWriter.m in Sources */ = {isa = PBXBuildFile; fileRef = 1894480315D1811600134D0D /* SBJsonWriter.m */; };
		1894486815D182C700134D0D /* AppDelegate.m in Sources */ = {isa = PBXBuildFile; fileRef = 1894482715D182C700134D0D /* AppDelegate.m */; };
		1894486915D182C700134D0D /* CooperCDVViewController.m in Sources */ = {isa = PBXBuildFile; fileRef = 1894482A15D182C700134D0D /* CooperCDVViewController.m */; };
		1894486A15D182C700134D0D /* MainViewController.m in Sources */ = {isa = PBXBuildFile; fileRef = 1894482C15D182C700134D0D /* MainViewController.m */; };
		1894486B15D182C700134D0D /* TaskListViewController.m in Sources */ = {isa = PBXBuildFile; fileRef = 1894482E15D182C700134D0D /* TaskListViewController.m */; };
		1894486D15D182C700134D0D /* Cooper-Info.plist in Resources */ = {isa = PBXBuildFile; fileRef = 1894483115D182C700134D0D /* Cooper-Info.plist */; };
		1894486E15D182C700134D0D /* Cordova.plist in Resources */ = {isa = PBXBuildFile; fileRef = 1894483315D182C700134D0D /* Cordova.plist */; };
		1894486F15D182C700134D0D /* InfoPlist.strings in Resources */ = {isa = PBXBuildFile; fileRef = 1894483415D182C700134D0D /* InfoPlist.strings */; };
		1894487C15D182C700134D0D /* main.m in Sources */ = {isa = PBXBuildFile; fileRef = 1894484315D182C700134D0D /* main.m */; };
		1894488215D182C700134D0D /* README in Resources */ = {isa = PBXBuildFile; fileRef = 1894484E15D182C700134D0D /* README */; };
		1894488615D182C700134D0D /* Capture.bundle in Resources */ = {isa = PBXBuildFile; fileRef = 1894485715D182C700134D0D /* Capture.bundle */; };
		1894488715D182C700134D0D /* Localizable.strings in Resources */ = {isa = PBXBuildFile; fileRef = 1894485815D182C700134D0D /* Localizable.strings */; };
		1894488D15D182C700134D0D /* verify.sh in Resources */ = {isa = PBXBuildFile; fileRef = 1894486415D182C700134D0D /* verify.sh */; };
		8C25D39D15B65D530030DB09 /* Foundation.framework in Frameworks */ = {isa = PBXBuildFile; fileRef = 8C25D39C15B65D530030DB09 /* Foundation.framework */; };
		8C25D39F15B65D530030DB09 /* UIKit.framework in Frameworks */ = {isa = PBXBuildFile; fileRef = 8C25D39E15B65D530030DB09 /* UIKit.framework */; };
		8C25D3A115B65D530030DB09 /* CoreGraphics.framework in Frameworks */ = {isa = PBXBuildFile; fileRef = 8C25D3A015B65D530030DB09 /* CoreGraphics.framework */; };
		8C25D3A315B65D530030DB09 /* AddressBook.framework in Frameworks */ = {isa = PBXBuildFile; fileRef = 8C25D3A215B65D530030DB09 /* AddressBook.framework */; };
		8C25D3A515B65D530030DB09 /* AddressBookUI.framework in Frameworks */ = {isa = PBXBuildFile; fileRef = 8C25D3A415B65D530030DB09 /* AddressBookUI.framework */; };
		8C25D3A715B65D530030DB09 /* AudioToolbox.framework in Frameworks */ = {isa = PBXBuildFile; fileRef = 8C25D3A615B65D530030DB09 /* AudioToolbox.framework */; };
		8C25D3A915B65D530030DB09 /* AVFoundation.framework in Frameworks */ = {isa = PBXBuildFile; fileRef = 8C25D3A815B65D530030DB09 /* AVFoundation.framework */; };
		8C25D3AB15B65D530030DB09 /* CoreLocation.framework in Frameworks */ = {isa = PBXBuildFile; fileRef = 8C25D3AA15B65D530030DB09 /* CoreLocation.framework */; };
		8C25D3AD15B65D530030DB09 /* MediaPlayer.framework in Frameworks */ = {isa = PBXBuildFile; fileRef = 8C25D3AC15B65D530030DB09 /* MediaPlayer.framework */; };
		8C25D3AF15B65D530030DB09 /* QuartzCore.framework in Frameworks */ = {isa = PBXBuildFile; fileRef = 8C25D3AE15B65D530030DB09 /* QuartzCore.framework */; };
		8C25D3B115B65D540030DB09 /* SystemConfiguration.framework in Frameworks */ = {isa = PBXBuildFile; fileRef = 8C25D3B015B65D530030DB09 /* SystemConfiguration.framework */; };
		8C25D3B315B65D540030DB09 /* MobileCoreServices.framework in Frameworks */ = {isa = PBXBuildFile; fileRef = 8C25D3B215B65D540030DB09 /* MobileCoreServices.framework */; };
		8C25D3B515B65D540030DB09 /* CoreMedia.framework in Frameworks */ = {isa = PBXBuildFile; fileRef = 8C25D3B415B65D540030DB09 /* CoreMedia.framework */; };
		8C25D3C015B65D540030DB09 /* Cordova.framework in Frameworks */ = {isa = PBXBuildFile; fileRef = 8C25D3BF15B65D540030DB09 /* Cordova.framework */; };
		8C25D40315B6642B0030DB09 /* CoreData.framework in Frameworks */ = {isa = PBXBuildFile; fileRef = 8C25D40215B6642B0030DB09 /* CoreData.framework */; };
		8CE32EE915B6D45500DC058C /* CFNetwork.framework in Frameworks */ = {isa = PBXBuildFile; fileRef = 8CE32EE815B6D45500DC058C /* CFNetwork.framework */; };
		8CE32EEB15B6D49000DC058C /* libz.1.2.5.dylib in Frameworks */ = {isa = PBXBuildFile; fileRef = 8CE32EEA15B6D49000DC058C /* libz.1.2.5.dylib */; };
/* End PBXBuildFile section */

/* Begin PBXContainerItemProxy section */
		188465B815D3564700BFC7CE /* PBXContainerItemProxy */ = {
			isa = PBXContainerItemProxy;
			containerPortal = 188465B415D3564700BFC7CE /* CooperCore.xcodeproj */;
			proxyType = 2;
			remoteGlobalIDString = 1880B21715D22DAE00670DE6;
			remoteInfo = CooperCore;
		};
		188465BE15D3565200BFC7CE /* PBXContainerItemProxy */ = {
			isa = PBXContainerItemProxy;
			containerPortal = 188465BA15D3565100BFC7CE /* CooperRepository.xcodeproj */;
			proxyType = 2;
			remoteGlobalIDString = 1880B23515D22EC700670DE6;
			remoteInfo = CooperRepository;
		};
		188465C415D3565900BFC7CE /* PBXContainerItemProxy */ = {
			isa = PBXContainerItemProxy;
			containerPortal = 188465C015D3565800BFC7CE /* CooperService.xcodeproj */;
			proxyType = 2;
			remoteGlobalIDString = 181D514A15D193420035244D;
			remoteInfo = CooperService;
		};
		188465CA15D3566200BFC7CE /* PBXContainerItemProxy */ = {
			isa = PBXContainerItemProxy;
			containerPortal = 188465C615D3566100BFC7CE /* CodesharpSDK.xcodeproj */;
			proxyType = 2;
			remoteGlobalIDString = 1880B16415D229B000670DE6;
			remoteInfo = CodesharpSDK;
		};
/* End PBXContainerItemProxy section */

/* Begin PBXFileReference section */
		181D504E15D18B510035244D /* Default.png */ = {isa = PBXFileReference; lastKnownFileType = image.png; path = Default.png; sourceTree = "<group>"; };
		181D504F15D18B510035244D /* Default~ipad.png */ = {isa = PBXFileReference; lastKnownFileType = image.png; path = "Default~ipad.png"; sourceTree = "<group>"; };
		181D505015D18B510035244D /* icon.png */ = {isa = PBXFileReference; lastKnownFileType = image.png; path = icon.png; sourceTree = "<group>"; };
		181D505115D18B510035244D /* icon@2x.png */ = {isa = PBXFileReference; lastKnownFileType = image.png; path = "icon@2x.png"; sourceTree = "<group>"; };
		18703DB615D387C0004B3C67 /* Hybrid */ = {isa = PBXFileReference; lastKnownFileType = folder; path = Hybrid; sourceTree = "<group>"; };
		18703DBA15D3A501004B3C67 /* TaskModel.xcdatamodel */ = {isa = PBXFileReference; lastKnownFileType = wrapper.xcdatamodel; path = TaskModel.xcdatamodel; sourceTree = "<group>"; };
		18703DBC15D3CA2A004B3C67 /* CooperPlugin.h */ = {isa = PBXFileReference; fileEncoding = 4; lastKnownFileType = sourcecode.c.h; path = CooperPlugin.h; sourceTree = "<group>"; };
		18703DBD15D3CA2A004B3C67 /* CooperPlugin.m */ = {isa = PBXFileReference; fileEncoding = 4; lastKnownFileType = sourcecode.c.objc; path = CooperPlugin.m; sourceTree = "<group>"; };
		188465B415D3564700BFC7CE /* CooperCore.xcodeproj */ = {isa = PBXFileReference; lastKnownFileType = "wrapper.pb-project"; name = CooperCore.xcodeproj; path = ../CooperCore/CooperCore.xcodeproj; sourceTree = "<group>"; };
		188465BA15D3565100BFC7CE /* CooperRepository.xcodeproj */ = {isa = PBXFileReference; lastKnownFileType = "wrapper.pb-project"; name = CooperRepository.xcodeproj; path = ../CooperRepository/CooperRepository.xcodeproj; sourceTree = "<group>"; };
		188465C015D3565800BFC7CE /* CooperService.xcodeproj */ = {isa = PBXFileReference; lastKnownFileType = "wrapper.pb-project"; name = CooperService.xcodeproj; path = ../CooperService/CooperService.xcodeproj; sourceTree = "<group>"; };
		188465C615D3566100BFC7CE /* CodesharpSDK.xcodeproj */ = {isa = PBXFileReference; lastKnownFileType = "wrapper.pb-project"; name = CodesharpSDK.xcodeproj; path = ../../lib/CodesharpSDK/CodesharpSDK.xcodeproj; sourceTree = "<group>"; };
		188465D115D367A500BFC7CE /* SysConfig.h */ = {isa = PBXFileReference; fileEncoding = 4; lastKnownFileType = sourcecode.c.h; path = SysConfig.h; sourceTree = "<group>"; };
		188465D215D367A500BFC7CE /* SysConfig.m */ = {isa = PBXFileReference; fileEncoding = 4; lastKnownFileType = sourcecode.c.objc; path = SysConfig.m; sourceTree = "<group>"; };
		188465D515D36CB600BFC7CE /* Config.plist */ = {isa = PBXFileReference; fileEncoding = 4; lastKnownFileType = text.plist.xml; path = Config.plist; sourceTree = "<group>"; };
		1884E34715D60DC00085AC95 /* CooperPluginResult.h */ = {isa = PBXFileReference; fileEncoding = 4; lastKnownFileType = sourcecode.c.h; path = CooperPluginResult.h; sourceTree = "<group>"; };
		1884E34815D60DC00085AC95 /* CooperPluginResult.m */ = {isa = PBXFileReference; fileEncoding = 4; lastKnownFileType = sourcecode.c.objc; path = CooperPluginResult.m; sourceTree = "<group>"; };
		189447F715D1811600134D0D /* JSON.h */ = {isa = PBXFileReference; fileEncoding = 4; lastKnownFileType = sourcecode.c.h; path = JSON.h; sourceTree = "<group>"; };
		189447F815D1811600134D0D /* LICENSE */ = {isa = PBXFileReference; fileEncoding = 4; lastKnownFileType = text; path = LICENSE; sourceTree = "<group>"; };
		189447F915D1811600134D0D /* NSObject+SBJSON.h */ = {isa = PBXFileReference; fileEncoding = 4; lastKnownFileType = sourcecode.c.h; path = "NSObject+SBJSON.h"; sourceTree = "<group>"; };
		189447FA15D1811600134D0D /* NSObject+SBJSON.m */ = {isa = PBXFileReference; fileEncoding = 4; lastKnownFileType = sourcecode.c.objc; path = "NSObject+SBJSON.m"; sourceTree = "<group>"; };
		189447FB15D1811600134D0D /* NSString+SBJSON.h */ = {isa = PBXFileReference; fileEncoding = 4; lastKnownFileType = sourcecode.c.h; path = "NSString+SBJSON.h"; sourceTree = "<group>"; };
		189447FC15D1811600134D0D /* NSString+SBJSON.m */ = {isa = PBXFileReference; fileEncoding = 4; lastKnownFileType = sourcecode.c.objc; path = "NSString+SBJSON.m"; sourceTree = "<group>"; };
		189447FD15D1811600134D0D /* SBJSON-Prefix.pch */ = {isa = PBXFileReference; fileEncoding = 4; lastKnownFileType = sourcecode.c.h; path = "SBJSON-Prefix.pch"; sourceTree = "<group>"; };
		189447FE15D1811600134D0D /* SBJsonBase.h */ = {isa = PBXFileReference; fileEncoding = 4; lastKnownFileType = sourcecode.c.h; path = SBJsonBase.h; sourceTree = "<group>"; };
		189447FF15D1811600134D0D /* SBJsonBase.m */ = {isa = PBXFileReference; fileEncoding = 4; lastKnownFileType = sourcecode.c.objc; path = SBJsonBase.m; sourceTree = "<group>"; };
		1894480015D1811600134D0D /* SBJsonParser.h */ = {isa = PBXFileReference; fileEncoding = 4; lastKnownFileType = sourcecode.c.h; path = SBJsonParser.h; sourceTree = "<group>"; };
		1894480115D1811600134D0D /* SBJsonParser.m */ = {isa = PBXFileReference; fileEncoding = 4; lastKnownFileType = sourcecode.c.objc; path = SBJsonParser.m; sourceTree = "<group>"; };
		1894480215D1811600134D0D /* SBJsonWriter.h */ = {isa = PBXFileReference; fileEncoding = 4; lastKnownFileType = sourcecode.c.h; path = SBJsonWriter.h; sourceTree = "<group>"; };
		1894480315D1811600134D0D /* SBJsonWriter.m */ = {isa = PBXFileReference; fileEncoding = 4; lastKnownFileType = sourcecode.c.objc; path = SBJsonWriter.m; sourceTree = "<group>"; };
		1894482615D182C700134D0D /* AppDelegate.h */ = {isa = PBXFileReference; fileEncoding = 4; lastKnownFileType = sourcecode.c.h; path = AppDelegate.h; sourceTree = "<group>"; };
		1894482715D182C700134D0D /* AppDelegate.m */ = {isa = PBXFileReference; fileEncoding = 4; lastKnownFileType = sourcecode.c.objc; path = AppDelegate.m; sourceTree = "<group>"; };
		1894482915D182C700134D0D /* CooperCDVViewController.h */ = {isa = PBXFileReference; fileEncoding = 4; lastKnownFileType = sourcecode.c.h; path = CooperCDVViewController.h; sourceTree = "<group>"; };
		1894482A15D182C700134D0D /* CooperCDVViewController.m */ = {isa = PBXFileReference; fileEncoding = 4; lastKnownFileType = sourcecode.c.objc; path = CooperCDVViewController.m; sourceTree = "<group>"; };
		1894482B15D182C700134D0D /* MainViewController.h */ = {isa = PBXFileReference; fileEncoding = 4; lastKnownFileType = sourcecode.c.h; path = MainViewController.h; sourceTree = "<group>"; };
		1894482C15D182C700134D0D /* MainViewController.m */ = {isa = PBXFileReference; fileEncoding = 4; lastKnownFileType = sourcecode.c.objc; path = MainViewController.m; sourceTree = "<group>"; };
		1894482D15D182C700134D0D /* TaskListViewController.h */ = {isa = PBXFileReference; fileEncoding = 4; lastKnownFileType = sourcecode.c.h; path = TaskListViewController.h; sourceTree = "<group>"; };
		1894482E15D182C700134D0D /* TaskListViewController.m */ = {isa = PBXFileReference; fileEncoding = 4; lastKnownFileType = sourcecode.c.objc; path = TaskListViewController.m; sourceTree = "<group>"; };
		1894483115D182C700134D0D /* Cooper-Info.plist */ = {isa = PBXFileReference; fileEncoding = 4; lastKnownFileType = text.plist.xml; path = "Cooper-Info.plist"; sourceTree = "<group>"; };
		1894483215D182C700134D0D /* Cooper-Prefix.pch */ = {isa = PBXFileReference; fileEncoding = 4; lastKnownFileType = sourcecode.c.h; path = "Cooper-Prefix.pch"; sourceTree = "<group>"; };
		1894483315D182C700134D0D /* Cordova.plist */ = {isa = PBXFileReference; fileEncoding = 4; lastKnownFileType = text.plist.xml; path = Cordova.plist; sourceTree = "<group>"; };
		1894483515D182C700134D0D /* en */ = {isa = PBXFileReference; lastKnownFileType = text.plist.strings; name = en; path = en.lproj/InfoPlist.strings; sourceTree = "<group>"; };
		1894484315D182C700134D0D /* main.m */ = {isa = PBXFileReference; fileEncoding = 4; lastKnownFileType = sourcecode.c.objc; path = main.m; sourceTree = "<group>"; };
		1894484E15D182C700134D0D /* README */ = {isa = PBXFileReference; fileEncoding = 4; lastKnownFileType = text; path = README; sourceTree = "<group>"; };
		1894485715D182C700134D0D /* Capture.bundle */ = {isa = PBXFileReference; lastKnownFileType = "wrapper.plug-in"; path = Capture.bundle; sourceTree = "<group>"; };
		1894485915D182C700134D0D /* de */ = {isa = PBXFileReference; lastKnownFileType = text.plist.strings; name = de; path = de.lproj/Localizable.strings; sourceTree = "<group>"; };
		1894485A15D182C700134D0D /* en */ = {isa = PBXFileReference; lastKnownFileType = text.plist.strings; name = en; path = en.lproj/Localizable.strings; sourceTree = "<group>"; };
		1894485B15D182C700134D0D /* es */ = {isa = PBXFileReference; lastKnownFileType = text.plist.strings; name = es; path = es.lproj/Localizable.strings; sourceTree = "<group>"; };
		1894486015D182C700134D0D /* se */ = {isa = PBXFileReference; lastKnownFileType = text.plist.strings; name = se; path = se.lproj/Localizable.strings; sourceTree = "<group>"; };
		1894486415D182C700134D0D /* verify.sh */ = {isa = PBXFileReference; fileEncoding = 4; lastKnownFileType = text.script.sh; path = verify.sh; sourceTree = "<group>"; };
		18A92DE415D2F20E00423A55 /* Util.h */ = {isa = PBXFileReference; fileEncoding = 4; lastKnownFileType = sourcecode.c.h; path = Util.h; sourceTree = "<group>"; };
		8C25D39815B65D530030DB09 /* Cooper.app */ = {isa = PBXFileReference; explicitFileType = wrapper.application; includeInIndex = 0; path = Cooper.app; sourceTree = BUILT_PRODUCTS_DIR; };
		8C25D39C15B65D530030DB09 /* Foundation.framework */ = {isa = PBXFileReference; lastKnownFileType = wrapper.framework; name = Foundation.framework; path = System/Library/Frameworks/Foundation.framework; sourceTree = SDKROOT; };
		8C25D39E15B65D530030DB09 /* UIKit.framework */ = {isa = PBXFileReference; lastKnownFileType = wrapper.framework; name = UIKit.framework; path = System/Library/Frameworks/UIKit.framework; sourceTree = SDKROOT; };
		8C25D3A015B65D530030DB09 /* CoreGraphics.framework */ = {isa = PBXFileReference; lastKnownFileType = wrapper.framework; name = CoreGraphics.framework; path = System/Library/Frameworks/CoreGraphics.framework; sourceTree = SDKROOT; };
		8C25D3A215B65D530030DB09 /* AddressBook.framework */ = {isa = PBXFileReference; lastKnownFileType = wrapper.framework; name = AddressBook.framework; path = System/Library/Frameworks/AddressBook.framework; sourceTree = SDKROOT; };
		8C25D3A415B65D530030DB09 /* AddressBookUI.framework */ = {isa = PBXFileReference; lastKnownFileType = wrapper.framework; name = AddressBookUI.framework; path = System/Library/Frameworks/AddressBookUI.framework; sourceTree = SDKROOT; };
		8C25D3A615B65D530030DB09 /* AudioToolbox.framework */ = {isa = PBXFileReference; lastKnownFileType = wrapper.framework; name = AudioToolbox.framework; path = System/Library/Frameworks/AudioToolbox.framework; sourceTree = SDKROOT; };
		8C25D3A815B65D530030DB09 /* AVFoundation.framework */ = {isa = PBXFileReference; lastKnownFileType = wrapper.framework; name = AVFoundation.framework; path = System/Library/Frameworks/AVFoundation.framework; sourceTree = SDKROOT; };
		8C25D3AA15B65D530030DB09 /* CoreLocation.framework */ = {isa = PBXFileReference; lastKnownFileType = wrapper.framework; name = CoreLocation.framework; path = System/Library/Frameworks/CoreLocation.framework; sourceTree = SDKROOT; };
		8C25D3AC15B65D530030DB09 /* MediaPlayer.framework */ = {isa = PBXFileReference; lastKnownFileType = wrapper.framework; name = MediaPlayer.framework; path = System/Library/Frameworks/MediaPlayer.framework; sourceTree = SDKROOT; };
		8C25D3AE15B65D530030DB09 /* QuartzCore.framework */ = {isa = PBXFileReference; lastKnownFileType = wrapper.framework; name = QuartzCore.framework; path = System/Library/Frameworks/QuartzCore.framework; sourceTree = SDKROOT; };
		8C25D3B015B65D530030DB09 /* SystemConfiguration.framework */ = {isa = PBXFileReference; lastKnownFileType = wrapper.framework; name = SystemConfiguration.framework; path = System/Library/Frameworks/SystemConfiguration.framework; sourceTree = SDKROOT; };
		8C25D3B215B65D540030DB09 /* MobileCoreServices.framework */ = {isa = PBXFileReference; lastKnownFileType = wrapper.framework; name = MobileCoreServices.framework; path = System/Library/Frameworks/MobileCoreServices.framework; sourceTree = SDKROOT; };
		8C25D3B415B65D540030DB09 /* CoreMedia.framework */ = {isa = PBXFileReference; lastKnownFileType = wrapper.framework; name = CoreMedia.framework; path = System/Library/Frameworks/CoreMedia.framework; sourceTree = SDKROOT; };
		8C25D3BF15B65D540030DB09 /* Cordova.framework */ = {isa = PBXFileReference; lastKnownFileType = wrapper.framework; name = Cordova.framework; path = /Users/Shared/Cordova/Frameworks/Cordova.framework; sourceTree = "<absolute>"; };
		8C25D40215B6642B0030DB09 /* CoreData.framework */ = {isa = PBXFileReference; lastKnownFileType = wrapper.framework; name = CoreData.framework; path = System/Library/Frameworks/CoreData.framework; sourceTree = SDKROOT; };
		8CE32EE815B6D45500DC058C /* CFNetwork.framework */ = {isa = PBXFileReference; lastKnownFileType = wrapper.framework; name = CFNetwork.framework; path = System/Library/Frameworks/CFNetwork.framework; sourceTree = SDKROOT; };
		8CE32EEA15B6D49000DC058C /* libz.1.2.5.dylib */ = {isa = PBXFileReference; lastKnownFileType = "compiled.mach-o.dylib"; name = libz.1.2.5.dylib; path = usr/lib/libz.1.2.5.dylib; sourceTree = SDKROOT; };
/* End PBXFileReference section */

/* Begin PBXFrameworksBuildPhase section */
		8C25D39215B65D530030DB09 /* Frameworks */ = {
			isa = PBXFrameworksBuildPhase;
			buildActionMask = 2147483647;
			files = (
				188465CC15D3567400BFC7CE /* libCodesharpSDK.a in Frameworks */,
				188465CD15D3567400BFC7CE /* libCooperCore.a in Frameworks */,
				188465CE15D3567400BFC7CE /* libCooperRepository.a in Frameworks */,
				188465CF15D3567400BFC7CE /* libCooperService.a in Frameworks */,
				8CE32EEB15B6D49000DC058C /* libz.1.2.5.dylib in Frameworks */,
				8CE32EE915B6D45500DC058C /* CFNetwork.framework in Frameworks */,
				8C25D40315B6642B0030DB09 /* CoreData.framework in Frameworks */,
				8C25D39D15B65D530030DB09 /* Foundation.framework in Frameworks */,
				8C25D39F15B65D530030DB09 /* UIKit.framework in Frameworks */,
				8C25D3A115B65D530030DB09 /* CoreGraphics.framework in Frameworks */,
				8C25D3A315B65D530030DB09 /* AddressBook.framework in Frameworks */,
				8C25D3A515B65D530030DB09 /* AddressBookUI.framework in Frameworks */,
				8C25D3A715B65D530030DB09 /* AudioToolbox.framework in Frameworks */,
				8C25D3A915B65D530030DB09 /* AVFoundation.framework in Frameworks */,
				8C25D3AB15B65D530030DB09 /* CoreLocation.framework in Frameworks */,
				8C25D3AD15B65D530030DB09 /* MediaPlayer.framework in Frameworks */,
				8C25D3AF15B65D530030DB09 /* QuartzCore.framework in Frameworks */,
				8C25D3B115B65D540030DB09 /* SystemConfiguration.framework in Frameworks */,
				8C25D3B315B65D540030DB09 /* MobileCoreServices.framework in Frameworks */,
				8C25D3B515B65D540030DB09 /* CoreMedia.framework in Frameworks */,
				8C25D3C015B65D540030DB09 /* Cordova.framework in Frameworks */,
			);
			runOnlyForDeploymentPostprocessing = 0;
		};
		8C25D39515B65D530030DB09 /* Frameworks */ = {
			isa = PBXFrameworksBuildPhase;
			buildActionMask = 2147483647;
			files = (
			);
			runOnlyForDeploymentPostprocessing = 0;
		};
/* End PBXFrameworksBuildPhase section */

/* Begin PBXGroup section */
		181D504D15D18B510035244D /* Images */ = {
			isa = PBXGroup;
			children = (
				181D504E15D18B510035244D /* Default.png */,
				181D504F15D18B510035244D /* Default~ipad.png */,
				181D505015D18B510035244D /* icon.png */,
				181D505115D18B510035244D /* icon@2x.png */,
			);
			name = Images;
			path = ../Images;
			sourceTree = "<group>";
		};
		18703DB815D3A501004B3C67 /* Models */ = {
			isa = PBXGroup;
			children = (
				18703DB915D3A501004B3C67 /* TaskModel.xcdatamodeld */,
			);
			name = Models;
			path = Sources/Models;
			sourceTree = SOURCE_ROOT;
		};
		188465B315D3562300BFC7CE /* Dependencies */ = {
			isa = PBXGroup;
			children = (
				188465C615D3566100BFC7CE /* CodesharpSDK.xcodeproj */,
				188465C015D3565800BFC7CE /* CooperService.xcodeproj */,
				188465BA15D3565100BFC7CE /* CooperRepository.xcodeproj */,
				188465B415D3564700BFC7CE /* CooperCore.xcodeproj */,
			);
			name = Dependencies;
			sourceTree = "<group>";
		};
		188465B515D3564700BFC7CE /* Products */ = {
			isa = PBXGroup;
			children = (
				188465B915D3564700BFC7CE /* libCooperCore.a */,
			);
			name = Products;
			sourceTree = "<group>";
		};
		188465BB15D3565100BFC7CE /* Products */ = {
			isa = PBXGroup;
			children = (
				188465BF15D3565200BFC7CE /* libCooperRepository.a */,
			);
			name = Products;
			sourceTree = "<group>";
		};
		188465C115D3565800BFC7CE /* Products */ = {
			isa = PBXGroup;
			children = (
				188465C515D3565900BFC7CE /* libCooperService.a */,
			);
			name = Products;
			sourceTree = "<group>";
		};
		188465C715D3566100BFC7CE /* Products */ = {
			isa = PBXGroup;
			children = (
				188465CB15D3566200BFC7CE /* libCodesharpSDK.a */,
			);
			name = Products;
			sourceTree = "<group>";
		};
		188465D015D3672300BFC7CE /* Utils */ = {
			isa = PBXGroup;
			children = (
				188465D115D367A500BFC7CE /* SysConfig.h */,
				188465D215D367A500BFC7CE /* SysConfig.m */,
			);
			name = Utils;
			sourceTree = "<group>";
		};
		189447D215D180EA00134D0D /* Library */ = {
			isa = PBXGroup;
			children = (
				189447F615D1811600134D0D /* SBJSON */,
			);
			name = Library;
			sourceTree = "<group>";
		};
		189447F615D1811600134D0D /* SBJSON */ = {
			isa = PBXGroup;
			children = (
				189447F715D1811600134D0D /* JSON.h */,
				189447F815D1811600134D0D /* LICENSE */,
				189447F915D1811600134D0D /* NSObject+SBJSON.h */,
				189447FA15D1811600134D0D /* NSObject+SBJSON.m */,
				189447FB15D1811600134D0D /* NSString+SBJSON.h */,
				189447FC15D1811600134D0D /* NSString+SBJSON.m */,
				189447FD15D1811600134D0D /* SBJSON-Prefix.pch */,
				189447FE15D1811600134D0D /* SBJsonBase.h */,
				189447FF15D1811600134D0D /* SBJsonBase.m */,
				1894480015D1811600134D0D /* SBJsonParser.h */,
				1894480115D1811600134D0D /* SBJsonParser.m */,
				1894480215D1811600134D0D /* SBJsonWriter.h */,
				1894480315D1811600134D0D /* SBJsonWriter.m */,
			);
			name = SBJSON;
			path = ../../lib/SBJSON;
			sourceTree = "<group>";
		};
		1894481E15D182C700134D0D /* Sources */ = {
			isa = PBXGroup;
			children = (
				1894483415D182C700134D0D /* InfoPlist.strings */,
				1894486415D182C700134D0D /* verify.sh */,
				18A92DE415D2F20E00423A55 /* Util.h */,
				1894483215D182C700134D0D /* Cooper-Prefix.pch */,
				1894483315D182C700134D0D /* Cordova.plist */,
				1894483115D182C700134D0D /* Cooper-Info.plist */,
				188465D515D36CB600BFC7CE /* Config.plist */,
				188465D015D3672300BFC7CE /* Utils */,
				1894482515D182C700134D0D /* Classes */,
				1894484315D182C700134D0D /* main.m */,
				1894484615D182C700134D0D /* Plugins */,
				1894485615D182C700134D0D /* Resources */,
			);
			path = Sources;
			sourceTree = "<group>";
		};
		1894482515D182C700134D0D /* Classes */ = {
			isa = PBXGroup;
			children = (
				18703DB815D3A501004B3C67 /* Models */,
				1894482615D182C700134D0D /* AppDelegate.h */,
				1894482715D182C700134D0D /* AppDelegate.m */,
				1894482815D182C700134D0D /* ViewControllers */,
			);
			path = Classes;
			sourceTree = "<group>";
		};
		1894482815D182C700134D0D /* ViewControllers */ = {
			isa = PBXGroup;
			children = (
				1894482915D182C700134D0D /* CooperCDVViewController.h */,
				1894482A15D182C700134D0D /* CooperCDVViewController.m */,
				1894482B15D182C700134D0D /* MainViewController.h */,
				1894482C15D182C700134D0D /* MainViewController.m */,
				1894482D15D182C700134D0D /* TaskListViewController.h */,
				1894482E15D182C700134D0D /* TaskListViewController.m */,
			);
			path = ViewControllers;
			sourceTree = "<group>";
		};
		1894484615D182C700134D0D /* Plugins */ = {
			isa = PBXGroup;
			children = (
				1894484E15D182C700134D0D /* README */,
				1894484F15D182C700134D0D /* Services */,
			);
			path = Plugins;
			sourceTree = "<group>";
		};
		1894484F15D182C700134D0D /* Services */ = {
			isa = PBXGroup;
			children = (
				18703DBC15D3CA2A004B3C67 /* CooperPlugin.h */,
				18703DBD15D3CA2A004B3C67 /* CooperPlugin.m */,
				1884E34715D60DC00085AC95 /* CooperPluginResult.h */,
				1884E34815D60DC00085AC95 /* CooperPluginResult.m */,
			);
			path = Services;
			sourceTree = "<group>";
		};
		1894485615D182C700134D0D /* Resources */ = {
			isa = PBXGroup;
			children = (
				1894485715D182C700134D0D /* Capture.bundle */,
				1894485815D182C700134D0D /* Localizable.strings */,
			);
			path = Resources;
			sourceTree = "<group>";
		};
		8C25D38A15B65D530030DB09 = {
			isa = PBXGroup;
			children = (
				18703DB615D387C0004B3C67 /* Hybrid */,
				188465B315D3562300BFC7CE /* Dependencies */,
				181D504D15D18B510035244D /* Images */,
				1894481E15D182C700134D0D /* Sources */,
				189447D215D180EA00134D0D /* Library */,
				8C25D39B15B65D530030DB09 /* Frameworks */,
				8C25D39915B65D530030DB09 /* Products */,
			);
			sourceTree = "<group>";
		};
		8C25D39915B65D530030DB09 /* Products */ = {
			isa = PBXGroup;
			children = (
				8C25D39815B65D530030DB09 /* Cooper.app */,
			);
			name = Products;
			sourceTree = "<group>";
		};
		8C25D39B15B65D530030DB09 /* Frameworks */ = {
			isa = PBXGroup;
			children = (
				8CE32EEA15B6D49000DC058C /* libz.1.2.5.dylib */,
				8CE32EE815B6D45500DC058C /* CFNetwork.framework */,
				8C25D3BF15B65D540030DB09 /* Cordova.framework */,
				8C25D40215B6642B0030DB09 /* CoreData.framework */,
				8C25D39C15B65D530030DB09 /* Foundation.framework */,
				8C25D39E15B65D530030DB09 /* UIKit.framework */,
				8C25D3A015B65D530030DB09 /* CoreGraphics.framework */,
				8C25D3A215B65D530030DB09 /* AddressBook.framework */,
				8C25D3A415B65D530030DB09 /* AddressBookUI.framework */,
				8C25D3A615B65D530030DB09 /* AudioToolbox.framework */,
				8C25D3A815B65D530030DB09 /* AVFoundation.framework */,
				8C25D3AA15B65D530030DB09 /* CoreLocation.framework */,
				8C25D3AC15B65D530030DB09 /* MediaPlayer.framework */,
				8C25D3AE15B65D530030DB09 /* QuartzCore.framework */,
				8C25D3B015B65D530030DB09 /* SystemConfiguration.framework */,
				8C25D3B215B65D540030DB09 /* MobileCoreServices.framework */,
				8C25D3B415B65D540030DB09 /* CoreMedia.framework */,
			);
			name = Frameworks;
			sourceTree = "<group>";
		};
/* End PBXGroup section */

/* Begin PBXNativeTarget section */
		8C25D39715B65D530030DB09 /* Cooper */ = {
			isa = PBXNativeTarget;
			buildConfigurationList = 8C25D3F015B65D540030DB09 /* Build configuration list for PBXNativeTarget "Cooper" */;
			buildPhases = (
				8C25D39115B65D530030DB09 /* Sources */,
				8C25D39215B65D530030DB09 /* Frameworks */,
				8C25D39315B65D530030DB09 /* Resources */,
				8C25D39415B65D530030DB09 /* Sources */,
				8C25D39515B65D530030DB09 /* Frameworks */,
				8C25D39615B65D530030DB09 /* ShellScript */,
			);
			buildRules = (
			);
			dependencies = (
			);
			name = Cooper;
			productName = Cooper;
			productReference = 8C25D39815B65D530030DB09 /* Cooper.app */;
			productType = "com.apple.product-type.application";
		};
/* End PBXNativeTarget section */

/* Begin PBXProject section */
		8C25D38C15B65D530030DB09 /* Project object */ = {
			isa = PBXProject;
			attributes = {
				LastUpgradeCheck = 0430;
				ORGANIZATIONNAME = codesharp;
			};
			buildConfigurationList = 8C25D38F15B65D530030DB09 /* Build configuration list for PBXProject "CooperHybrid" */;
			compatibilityVersion = "Xcode 3.2";
			developmentRegion = English;
			hasScannedForEncodings = 0;
			knownRegions = (
				en,
				es,
				de,
				se,
			);
			mainGroup = 8C25D38A15B65D530030DB09;
			productRefGroup = 8C25D39915B65D530030DB09 /* Products */;
			projectDirPath = "";
			projectReferences = (
				{
					ProductGroup = 188465C715D3566100BFC7CE /* Products */;
					ProjectRef = 188465C615D3566100BFC7CE /* CodesharpSDK.xcodeproj */;
				},
				{
					ProductGroup = 188465B515D3564700BFC7CE /* Products */;
					ProjectRef = 188465B415D3564700BFC7CE /* CooperCore.xcodeproj */;
				},
				{
					ProductGroup = 188465BB15D3565100BFC7CE /* Products */;
					ProjectRef = 188465BA15D3565100BFC7CE /* CooperRepository.xcodeproj */;
				},
				{
					ProductGroup = 188465C115D3565800BFC7CE /* Products */;
					ProjectRef = 188465C015D3565800BFC7CE /* CooperService.xcodeproj */;
				},
			);
			projectRoot = "";
			targets = (
				8C25D39715B65D530030DB09 /* Cooper */,
			);
		};
/* End PBXProject section */

/* Begin PBXReferenceProxy section */
		188465B915D3564700BFC7CE /* libCooperCore.a */ = {
			isa = PBXReferenceProxy;
			fileType = archive.ar;
			path = libCooperCore.a;
			remoteRef = 188465B815D3564700BFC7CE /* PBXContainerItemProxy */;
			sourceTree = BUILT_PRODUCTS_DIR;
		};
		188465BF15D3565200BFC7CE /* libCooperRepository.a */ = {
			isa = PBXReferenceProxy;
			fileType = archive.ar;
			path = libCooperRepository.a;
			remoteRef = 188465BE15D3565200BFC7CE /* PBXContainerItemProxy */;
			sourceTree = BUILT_PRODUCTS_DIR;
		};
		188465C515D3565900BFC7CE /* libCooperService.a */ = {
			isa = PBXReferenceProxy;
			fileType = archive.ar;
			path = libCooperService.a;
			remoteRef = 188465C415D3565900BFC7CE /* PBXContainerItemProxy */;
			sourceTree = BUILT_PRODUCTS_DIR;
		};
		188465CB15D3566200BFC7CE /* libCodesharpSDK.a */ = {
			isa = PBXReferenceProxy;
			fileType = archive.ar;
			path = libCodesharpSDK.a;
			remoteRef = 188465CA15D3566200BFC7CE /* PBXContainerItemProxy */;
			sourceTree = BUILT_PRODUCTS_DIR;
		};
/* End PBXReferenceProxy section */

/* Begin PBXResourcesBuildPhase section */
		8C25D39315B65D530030DB09 /* Resources */ = {
			isa = PBXResourcesBuildPhase;
			buildActionMask = 2147483647;
			files = (
				1894480415D1811600134D0D /* LICENSE in Resources */,
				1894486D15D182C700134D0D /* Cooper-Info.plist in Resources */,
				1894486E15D182C700134D0D /* Cordova.plist in Resources */,
				1894486F15D182C700134D0D /* InfoPlist.strings in Resources */,
				1894488215D182C700134D0D /* README in Resources */,
				1894488615D182C700134D0D /* Capture.bundle in Resources */,
				1894488715D182C700134D0D /* Localizable.strings in Resources */,
				1894488D15D182C700134D0D /* verify.sh in Resources */,
				181D505215D18B510035244D /* Default.png in Resources */,
				181D505315D18B510035244D /* Default~ipad.png in Resources */,
				181D505415D18B510035244D /* icon.png in Resources */,
				181D505515D18B510035244D /* icon@2x.png in Resources */,
				188465D615D36CB600BFC7CE /* Config.plist in Resources */,
				18703DB715D387C0004B3C67 /* Hybrid in Resources */,
			);
			runOnlyForDeploymentPostprocessing = 0;
		};
/* End PBXResourcesBuildPhase section */

/* Begin PBXShellScriptBuildPhase section */
		8C25D39615B65D530030DB09 /* ShellScript */ = {
			isa = PBXShellScriptBuildPhase;
			buildActionMask = 2147483647;
			files = (
			);
			inputPaths = (
			);
			outputPaths = (
			);
			runOnlyForDeploymentPostprocessing = 0;
			shellPath = /bin/bash;
			shellScript = "";
		};
/* End PBXShellScriptBuildPhase section */

/* Begin PBXSourcesBuildPhase section */
		8C25D39115B65D530030DB09 /* Sources */ = {
			isa = PBXSourcesBuildPhase;
			buildActionMask = 2147483647;
			files = (
				1894480515D1811600134D0D /* NSObject+SBJSON.m in Sources */,
				1894480615D1811600134D0D /* NSString+SBJSON.m in Sources */,
				1894480715D1811600134D0D /* SBJsonBase.m in Sources */,
				1894480815D1811600134D0D /* SBJsonParser.m in Sources */,
				1894480915D1811600134D0D /* SBJsonWriter.m in Sources */,
				1894486815D182C700134D0D /* AppDelegate.m in Sources */,
				1894486915D182C700134D0D /* CooperCDVViewController.m in Sources */,
				1894486A15D182C700134D0D /* MainViewController.m in Sources */,
				1894486B15D182C700134D0D /* TaskListViewController.m in Sources */,
				1894487C15D182C700134D0D /* main.m in Sources */,
				188465D315D367A500BFC7CE /* SysConfig.m in Sources */,
				18703DBB15D3A501004B3C67 /* TaskModel.xcdatamodeld in Sources */,
				18703DBE15D3CA2A004B3C67 /* CooperPlugin.m in Sources */,
				1884E34915D60DC00085AC95 /* CooperPluginResult.m in Sources */,
			);
			runOnlyForDeploymentPostprocessing = 0;
		};
		8C25D39415B65D530030DB09 /* Sources */ = {
			isa = PBXSourcesBuildPhase;
			buildActionMask = 2147483647;
			files = (
			);
			runOnlyForDeploymentPostprocessing = 0;
		};
/* End PBXSourcesBuildPhase section */

/* Begin PBXVariantGroup section */
		1894483415D182C700134D0D /* InfoPlist.strings */ = {
			isa = PBXVariantGroup;
			children = (
				1894483515D182C700134D0D /* en */,
			);
			name = InfoPlist.strings;
			sourceTree = "<group>";
		};
		1894485815D182C700134D0D /* Localizable.strings */ = {
			isa = PBXVariantGroup;
			children = (
				1894485915D182C700134D0D /* de */,
				1894485A15D182C700134D0D /* en */,
				1894485B15D182C700134D0D /* es */,
				1894486015D182C700134D0D /* se */,
			);
			name = Localizable.strings;
			sourceTree = "<group>";
		};
/* End PBXVariantGroup section */

/* Begin XCBuildConfiguration section */
		8C25D3EE15B65D540030DB09 /* Debug */ = {
			isa = XCBuildConfiguration;
			buildSettings = {
				ALWAYS_SEARCH_USER_PATHS = NO;
				ARCHS = "$(ARCHS_STANDARD_32_BIT)";
				"CODE_SIGN_IDENTITY[sdk=iphoneos*]" = "iPhone Developer";
				COPY_PHASE_STRIP = NO;
				GCC_C_LANGUAGE_STANDARD = gnu99;
				GCC_DYNAMIC_NO_PIC = NO;
				GCC_OPTIMIZATION_LEVEL = 0;
				GCC_PREPROCESSOR_DEFINITIONS = (
					"DEBUG=1",
					"$(inherited)",
				);
				GCC_SYMBOLS_PRIVATE_EXTERN = NO;
				GCC_VERSION = com.apple.compilers.llvm.clang.1_0;
				GCC_WARN_ABOUT_RETURN_TYPE = YES;
				GCC_WARN_UNINITIALIZED_AUTOS = YES;
				GCC_WARN_UNUSED_VARIABLE = YES;
				IPHONEOS_DEPLOYMENT_TARGET = 4.0;
				SDKROOT = iphoneos;
			};
			name = Debug;
		};
		8C25D3EF15B65D540030DB09 /* Release */ = {
			isa = XCBuildConfiguration;
			buildSettings = {
				ALWAYS_SEARCH_USER_PATHS = NO;
				ARCHS = "$(ARCHS_STANDARD_32_BIT)";
				"CODE_SIGN_IDENTITY[sdk=iphoneos*]" = "iPhone Developer";
				COPY_PHASE_STRIP = YES;
				GCC_C_LANGUAGE_STANDARD = gnu99;
				GCC_VERSION = com.apple.compilers.llvm.clang.1_0;
				GCC_WARN_ABOUT_RETURN_TYPE = YES;
				GCC_WARN_UNINITIALIZED_AUTOS = YES;
				GCC_WARN_UNUSED_VARIABLE = YES;
				IPHONEOS_DEPLOYMENT_TARGET = 4.0;
				SDKROOT = iphoneos;
				VALIDATE_PRODUCT = YES;
			};
			name = Release;
		};
		8C25D3F115B65D540030DB09 /* Debug */ = {
			isa = XCBuildConfiguration;
			buildSettings = {
				ALWAYS_SEARCH_USER_PATHS = YES;
				"CODE_SIGN_IDENTITY[sdk=iphoneos*]" = "iPhone Developer: Li Ping (3F9L3G335D)";
				COPY_PHASE_STRIP = NO;
				FRAMEWORK_SEARCH_PATHS = /Users/Shared/Cordova/Frameworks;
				GCC_DYNAMIC_NO_PIC = NO;
				GCC_PRECOMPILE_PREFIX_HEADER = YES;
				GCC_PREFIX_HEADER = "Sources/Cooper-Prefix.pch";
				GCC_PREPROCESSOR_DEFINITIONS = (
					"DEBUG=1,",
					"CORDOVA_FRAMEWORK=1",
				);
				INFOPLIST_FILE = "Sources/Cooper-Info.plist";
				OTHER_LDFLAGS = (
					"-weak_framework",
					UIKit,
					"-weak_framework",
					AVFoundation,
					"-weak_framework",
					CoreMedia,
					"-weak-lSystem",
				);
				PRODUCT_NAME = Cooper;
				"PROVISIONING_PROFILE[sdk=iphoneos*]" = "DD257646-F75F-4C2C-81D0-B06F55844159";
				TARGETED_DEVICE_FAMILY = "1,2";
				USER_HEADER_SEARCH_PATHS = "$(BUILT_PRODUCTS_DIR)/**";
				WRAPPER_EXTENSION = app;
			};
			name = Debug;
		};
		8C25D3F215B65D540030DB09 /* Release */ = {
			isa = XCBuildConfiguration;
			buildSettings = {
				ALWAYS_SEARCH_USER_PATHS = YES;
				"CODE_SIGN_IDENTITY[sdk=iphoneos*]" = "";
				COPY_PHASE_STRIP = YES;
				DEBUG_INFORMATION_FORMAT = "dwarf-with-dsym";
				FRAMEWORK_SEARCH_PATHS = /Users/Shared/Cordova/Frameworks;
				GCC_PRECOMPILE_PREFIX_HEADER = YES;
				GCC_PREFIX_HEADER = "Sources/Cooper-Prefix.pch";
				GCC_PREPROCESSOR_DEFINITIONS = (
					"NDEBUG=1,",
					"CORDOVA_FRAMEWORK=1",
				);
				INFOPLIST_FILE = "Sources/Cooper-Info.plist";
				OTHER_LDFLAGS = (
					"-weak_framework",
					UIKit,
					"-weak_framework",
					AVFoundation,
					"-weak_framework",
					CoreMedia,
					"-weak-lSystem",
				);
				PRODUCT_NAME = Cooper;
				TARGETED_DEVICE_FAMILY = "1,2";
				USER_HEADER_SEARCH_PATHS = "$(BUILT_PRODUCTS_DIR)/**";
				VALIDATE_PRODUCT = YES;
				WRAPPER_EXTENSION = app;
			};
			name = Release;
		};
/* End XCBuildConfiguration section */

/* Begin XCConfigurationList section */
		8C25D38F15B65D530030DB09 /* Build configuration list for PBXProject "CooperHybrid" */ = {
			isa = XCConfigurationList;
			buildConfigurations = (
				8C25D3EE15B65D540030DB09 /* Debug */,
				8C25D3EF15B65D540030DB09 /* Release */,
			);
			defaultConfigurationIsVisible = 0;
			defaultConfigurationName = Release;
		};
		8C25D3F015B65D540030DB09 /* Build configuration list for PBXNativeTarget "Cooper" */ = {
			isa = XCConfigurationList;
			buildConfigurations = (
				8C25D3F115B65D540030DB09 /* Debug */,
				8C25D3F215B65D540030DB09 /* Release */,
			);
			defaultConfigurationIsVisible = 0;
			defaultConfigurationName = Release;
		};
/* End XCConfigurationList section */

/* Begin XCVersionGroup section */
		18703DB915D3A501004B3C67 /* TaskModel.xcdatamodeld */ = {
			isa = XCVersionGroup;
			children = (
				18703DBA15D3A501004B3C67 /* TaskModel.xcdatamodel */,
			);
			currentVersion = 18703DBA15D3A501004B3C67 /* TaskModel.xcdatamodel */;
			path = TaskModel.xcdatamodeld;
			sourceTree = "<group>";
			versionGroupType = wrapper.xcdatamodel;
		};
/* End XCVersionGroup section */
	};
	rootObject = 8C25D38C15B65D530030DB09 /* Project object */;
}
