// !$*UTF8*$!
{
	archiveVersion = 1;
	classes = {
	};
	objectVersion = 46;
	objects = {

/* Begin PBXBuildFile section */
		181014AD15C048B500D67C06 /* CustomButton.m in Sources */ = {isa = PBXBuildFile; fileRef = 1810149115C0489500D67C06 /* CustomButton.m */; };
		181014AE15C048B500D67C06 /* CustomerTabBarController.m in Sources */ = {isa = PBXBuildFile; fileRef = 1810149315C0489700D67C06 /* CustomerTabBarController.m */; };
		181014AF15C048B500D67C06 /* CustomSwitchCell.xib in Resources */ = {isa = PBXBuildFile; fileRef = 1810149415C0489900D67C06 /* CustomSwitchCell.xib */; };
		181014B015C048B500D67C06 /* CustomTabBarController.m in Sources */ = {isa = PBXBuildFile; fileRef = 1810149615C0489C00D67C06 /* CustomTabBarController.m */; };
		181014B115C048B500D67C06 /* CustomTextFieldCell.xib in Resources */ = {isa = PBXBuildFile; fileRef = 1810149715C0489D00D67C06 /* CustomTextFieldCell.xib */; };
		181014B215C048B500D67C06 /* CustomTextViewCell.xib in Resources */ = {isa = PBXBuildFile; fileRef = 1810149815C0489D00D67C06 /* CustomTextViewCell.xib */; };
		181014B315C048B500D67C06 /* CustomToolbar.m in Sources */ = {isa = PBXBuildFile; fileRef = 1810149A15C048A100D67C06 /* CustomToolbar.m */; };
		181014B415C048B500D67C06 /* DomainLabel.m in Sources */ = {isa = PBXBuildFile; fileRef = 1810149C15C048A200D67C06 /* DomainLabel.m */; };
		181014B515C048B500D67C06 /* EndDateCell.m in Sources */ = {isa = PBXBuildFile; fileRef = 1810149E15C048A400D67C06 /* EndDateCell.m */; };
		181014B615C048B500D67C06 /* EndDateCell.xib in Resources */ = {isa = PBXBuildFile; fileRef = 1810149F15C048A400D67C06 /* EndDateCell.xib */; };
		181014B715C048B500D67C06 /* PickerInputTableViewCell.m in Sources */ = {isa = PBXBuildFile; fileRef = 181014A115C048A500D67C06 /* PickerInputTableViewCell.m */; };
		181014B815C048B500D67C06 /* PriorityPickerInputTableViewCell.m in Sources */ = {isa = PBXBuildFile; fileRef = 181014A315C048AE00D67C06 /* PriorityPickerInputTableViewCell.m */; };
		181014B915C048B500D67C06 /* SimplePickerInputTableViewCell.m in Sources */ = {isa = PBXBuildFile; fileRef = 181014A515C048AF00D67C06 /* SimplePickerInputTableViewCell.m */; };
		181014BA15C048B500D67C06 /* TaskTableViewCell.m in Sources */ = {isa = PBXBuildFile; fileRef = 181014A715C048B000D67C06 /* TaskTableViewCell.m */; };
		181014BB15C048B500D67C06 /* TaskViewCell.m in Sources */ = {isa = PBXBuildFile; fileRef = 181014A915C048B200D67C06 /* TaskViewCell.m */; };
		181014BC15C048B500D67C06 /* TaskViewCell.xib in Resources */ = {isa = PBXBuildFile; fileRef = 181014AA15C048B200D67C06 /* TaskViewCell.xib */; };
		181014BD15C048B500D67C06 /* UIImage+Scale.m in Sources */ = {isa = PBXBuildFile; fileRef = 181014AC15C048B400D67C06 /* UIImage+Scale.m */; };
		181014C015C0492900D67C06 /* AppDelegate.m in Sources */ = {isa = PBXBuildFile; fileRef = 181014BF15C0492900D67C06 /* AppDelegate.m */; };
		181014C515C049E200D67C06 /* AES.m in Sources */ = {isa = PBXBuildFile; fileRef = 181014C215C049E200D67C06 /* AES.m */; };
		181014C615C049E200D67C06 /* AESEncrypt.m in Sources */ = {isa = PBXBuildFile; fileRef = 181014C415C049E200D67C06 /* AESEncrypt.m */; };
		181014CD15C049F800D67C06 /* AccountService.m in Sources */ = {isa = PBXBuildFile; fileRef = 181014C815C049F800D67C06 /* AccountService.m */; };
		181014CE15C049F800D67C06 /* NetworkManager.m in Sources */ = {isa = PBXBuildFile; fileRef = 181014CA15C049F800D67C06 /* NetworkManager.m */; };
		181014CF15C049F800D67C06 /* TaskService.m in Sources */ = {isa = PBXBuildFile; fileRef = 181014CC15C049F800D67C06 /* TaskService.m */; };
		181014D215C04A1000D67C06 /* MBProgressHUD.m in Sources */ = {isa = PBXBuildFile; fileRef = 181014D115C04A1000D67C06 /* MBProgressHUD.m */; };
		181014D915C04A2C00D67C06 /* Cache.m in Sources */ = {isa = PBXBuildFile; fileRef = 181014D415C04A2C00D67C06 /* Cache.m */; };
		181014DA15C04A2C00D67C06 /* Constant.m in Sources */ = {isa = PBXBuildFile; fileRef = 181014D615C04A2C00D67C06 /* Constant.m */; };
		181014DB15C04A2C00D67C06 /* SysConfig.m in Sources */ = {isa = PBXBuildFile; fileRef = 181014D815C04A2C00D67C06 /* SysConfig.m */; };
		181014E215C04A3D00D67C06 /* ModelHelper.m in Sources */ = {isa = PBXBuildFile; fileRef = 181014DD15C04A3D00D67C06 /* ModelHelper.m */; };
		181014E315C04A3D00D67C06 /* NSString+decode.m in Sources */ = {isa = PBXBuildFile; fileRef = 181014DF15C04A3D00D67C06 /* NSString+decode.m */; };
		181014E415C04A3D00D67C06 /* Tools.m in Sources */ = {isa = PBXBuildFile; fileRef = 181014E115C04A3D00D67C06 /* Tools.m */; };
		1810150615C04B5B00D67C06 /* AccountViewController.m in Sources */ = {isa = PBXBuildFile; fileRef = 181014FE15C04B5800D67C06 /* AccountViewController.m */; };
		1810150715C04B5B00D67C06 /* AccountViewController.xib in Resources */ = {isa = PBXBuildFile; fileRef = 181014FF15C04B5900D67C06 /* AccountViewController.xib */; };
		1810150815C04B5B00D67C06 /* PathViewController.m in Sources */ = {isa = PBXBuildFile; fileRef = 1810150115C04B5900D67C06 /* PathViewController.m */; };
		1810150915C04B5B00D67C06 /* PathViewController.xib in Resources */ = {isa = PBXBuildFile; fileRef = 1810150215C04B5A00D67C06 /* PathViewController.xib */; };
		1810150A15C04B5B00D67C06 /* SettingViewController.m in Sources */ = {isa = PBXBuildFile; fileRef = 1810150415C04B5A00D67C06 /* SettingViewController.m */; };
		1810150B15C04B5B00D67C06 /* SettingViewController.xib in Resources */ = {isa = PBXBuildFile; fileRef = 1810150515C04B5B00D67C06 /* SettingViewController.xib */; };
		1810150F15C04B6D00D67C06 /* CommentViewController.m in Sources */ = {isa = PBXBuildFile; fileRef = 1810150D15C04B6D00D67C06 /* CommentViewController.m */; };
		1810151015C04B6D00D67C06 /* CommentViewController.xib in Resources */ = {isa = PBXBuildFile; fileRef = 1810150E15C04B6D00D67C06 /* CommentViewController.xib */; };
		1810151315C04B7B00D67C06 /* MainViewController.m in Sources */ = {isa = PBXBuildFile; fileRef = 1810151215C04B7B00D67C06 /* MainViewController.m */; };
		1810151815C04B8800D67C06 /* LoginViewController.m in Sources */ = {isa = PBXBuildFile; fileRef = 1810151515C04B8700D67C06 /* LoginViewController.m */; };
		1810151915C04B8800D67C06 /* LoginViewController.xib in Resources */ = {isa = PBXBuildFile; fileRef = 1810151615C04B8800D67C06 /* LoginViewController.xib */; };
		1810151D15C04B9A00D67C06 /* PriorityViewController.m in Sources */ = {isa = PBXBuildFile; fileRef = 1810151B15C04B9A00D67C06 /* PriorityViewController.m */; };
		1810151E15C04B9A00D67C06 /* PriorityViewController.xib in Resources */ = {isa = PBXBuildFile; fileRef = 1810151C15C04B9A00D67C06 /* PriorityViewController.xib */; };
		1810152615C04BAF00D67C06 /* TaskDetailViewController.m in Sources */ = {isa = PBXBuildFile; fileRef = 1810152315C04BAF00D67C06 /* TaskDetailViewController.m */; };
		1810152B15C04BC100D67C06 /* TaskViewController.m in Sources */ = {isa = PBXBuildFile; fileRef = 1810152815C04BC100D67C06 /* TaskViewController.m */; };
		1810152C15C04BC100D67C06 /* TaskViewController.xib in Resources */ = {isa = PBXBuildFile; fileRef = 1810152915C04BC100D67C06 /* TaskViewController.xib */; };
		1835EFD115C0CA59004AF233 /* incomplete.png in Resources */ = {isa = PBXBuildFile; fileRef = 1835EFCE15C0CA59004AF233 /* incomplete.png */; };
		1835EFD215C0CA59004AF233 /* refresh.png in Resources */ = {isa = PBXBuildFile; fileRef = 1835EFCF15C0CA59004AF233 /* refresh.png */; };
		1835EFD315C0CA59004AF233 /* tasklist.png in Resources */ = {isa = PBXBuildFile; fileRef = 1835EFD015C0CA59004AF233 /* tasklist.png */; };
		1835EFD715C0CF99004AF233 /* TaskDetailEditViewController.m in Sources */ = {isa = PBXBuildFile; fileRef = 1835EFD615C0CF99004AF233 /* TaskDetailEditViewController.m */; };
		1835EFE115C0E93C004AF233 /* arowright.png in Resources */ = {isa = PBXBuildFile; fileRef = 1835EFE015C0E93C004AF233 /* arowright.png */; };
		1835EFE715C10898004AF233 /* QuartzCore.framework in Frameworks */ = {isa = PBXBuildFile; fileRef = 1835EFE615C10898004AF233 /* QuartzCore.framework */; };
		1835EFEF15C1130B004AF233 /* CommentTextField.m in Sources */ = {isa = PBXBuildFile; fileRef = 1835EFEE15C1130B004AF233 /* CommentTextField.m */; };
		18409FA515C196BD00639DEE /* bg-line.png in Resources */ = {isa = PBXBuildFile; fileRef = 18409FA115C196BD00639DEE /* bg-line.png */; };
		18409FA615C196BD00639DEE /* complete-small.png in Resources */ = {isa = PBXBuildFile; fileRef = 18409FA215C196BD00639DEE /* complete-small.png */; };
		18409FA715C196BD00639DEE /* incomplete-small.png in Resources */ = {isa = PBXBuildFile; fileRef = 18409FA315C196BD00639DEE /* incomplete-small.png */; };
		18409FA815C196BD00639DEE /* setting-small.png in Resources */ = {isa = PBXBuildFile; fileRef = 18409FA415C196BD00639DEE /* setting-small.png */; };
		18409FAC15C199D700639DEE /* Test.m in Sources */ = {isa = PBXBuildFile; fileRef = 18409FAB15C199D700639DEE /* Test.m */; };
		1872E81F15C265CB00A8EA41 /* BaseViewController.m in Sources */ = {isa = PBXBuildFile; fileRef = 1872E81E15C265CB00A8EA41 /* BaseViewController.m */; };
		1872E82315C2667B00A8EA41 /* BaseTableViewController.m in Sources */ = {isa = PBXBuildFile; fileRef = 1872E82215C2667B00A8EA41 /* BaseTableViewController.m */; };
		1872E82715C26B6000A8EA41 /* TasklistViewController.m in Sources */ = {isa = PBXBuildFile; fileRef = 1872E82615C26B6000A8EA41 /* TasklistViewController.m */; };
		1872E82A15C2703600A8EA41 /* BaseNavigationController.m in Sources */ = {isa = PBXBuildFile; fileRef = 1872E82915C2703500A8EA41 /* BaseNavigationController.m */; };
		1872E82D15C274E400A8EA41 /* TasklistService.m in Sources */ = {isa = PBXBuildFile; fileRef = 1872E82C15C274E400A8EA41 /* TasklistService.m */; };
		1881EC9A15BEEAC600B47A7A /* tabbar_bg.png in Resources */ = {isa = PBXBuildFile; fileRef = 1881EC9915BEEAC600B47A7A /* tabbar_bg.png */; };
		1881EC9E15BEF18400B47A7A /* btn_bg.png in Resources */ = {isa = PBXBuildFile; fileRef = 1881EC9D15BEF18400B47A7A /* btn_bg.png */; };
		1881ECA815BEFC5B00B47A7A /* task.png in Resources */ = {isa = PBXBuildFile; fileRef = 1881ECA715BEFC5B00B47A7A /* task.png */; };
		1881ECAC15BEFD5400B47A7A /* complete.png in Resources */ = {isa = PBXBuildFile; fileRef = 1881ECA915BEFD5400B47A7A /* complete.png */; };
		1881ECAD15BEFD5400B47A7A /* setting.png in Resources */ = {isa = PBXBuildFile; fileRef = 1881ECAA15BEFD5400B47A7A /* setting.png */; };
		1881ECAE15BEFD5400B47A7A /* uncomplete.png in Resources */ = {isa = PBXBuildFile; fileRef = 1881ECAB15BEFD5400B47A7A /* uncomplete.png */; };
		1881ECC315BF22A400B47A7A /* tabbar_selectedbg.png in Resources */ = {isa = PBXBuildFile; fileRef = 1881ECC215BF22A400B47A7A /* tabbar_selectedbg.png */; };
		1881ECC715BF731D00B47A7A /* add.png in Resources */ = {isa = PBXBuildFile; fileRef = 1881ECC415BF731C00B47A7A /* add.png */; };
		1881ECC815BF731D00B47A7A /* list.png in Resources */ = {isa = PBXBuildFile; fileRef = 1881ECC515BF731C00B47A7A /* list.png */; };
		1881ECC915BF731D00B47A7A /* sync.png in Resources */ = {isa = PBXBuildFile; fileRef = 1881ECC615BF731C00B47A7A /* sync.png */; };
		1881ECD415BF7ABD00B47A7A /* logo.png in Resources */ = {isa = PBXBuildFile; fileRef = 1881ECD315BF7ABD00B47A7A /* logo.png */; };
		1881ECD615BF7B3000B47A7A /* btn_center.png in Resources */ = {isa = PBXBuildFile; fileRef = 1881ECD515BF7B3000B47A7A /* btn_center.png */; };
		1881ECD815BF7E0300B47A7A /* back.png in Resources */ = {isa = PBXBuildFile; fileRef = 1881ECD715BF7E0200B47A7A /* back.png */; };
		1884DB2915BDBE9D00A0B562 /* sectionTitlebg.png in Resources */ = {isa = PBXBuildFile; fileRef = 1884DB2815BDBE9D00A0B562 /* sectionTitlebg.png */; };
		1884DB2D15BDCEB700A0B562 /* icon.png in Resources */ = {isa = PBXBuildFile; fileRef = 1884DB2B15BDCEB700A0B562 /* icon.png */; };
		1884DB2E15BDCEB700A0B562 /* icon@2x.png in Resources */ = {isa = PBXBuildFile; fileRef = 1884DB2C15BDCEB700A0B562 /* icon@2x.png */; };
		1884DB3115BDCF1300A0B562 /* Default.png in Resources */ = {isa = PBXBuildFile; fileRef = 1884DB2F15BDCF1300A0B562 /* Default.png */; };
		1884DB3215BDCF1300A0B562 /* Default~ipad.png in Resources */ = {isa = PBXBuildFile; fileRef = 1884DB3015BDCF1300A0B562 /* Default~ipad.png */; };
		1886CCA515C06482002346A1 /* DateLabel.m in Sources */ = {isa = PBXBuildFile; fileRef = 1886CCA415C06482002346A1 /* DateLabel.m */; };
		1886CCA815C06C2B002346A1 /* btn_bg_gray.png in Resources */ = {isa = PBXBuildFile; fileRef = 1886CCA715C06C2B002346A1 /* btn_bg_gray.png */; };
		1886CCAB15C0733B002346A1 /* PriorityButton.m in Sources */ = {isa = PBXBuildFile; fileRef = 1886CCAA15C0733B002346A1 /* PriorityButton.m */; };
		188B4F9015C440E700031A2A /* RootDao.m in Sources */ = {isa = PBXBuildFile; fileRef = 188B4F8915C440E700031A2A /* RootDao.m */; };
		188B4F9115C440E700031A2A /* TaskDao.m in Sources */ = {isa = PBXBuildFile; fileRef = 188B4F8B15C440E700031A2A /* TaskDao.m */; };
		188B4F9215C440E700031A2A /* TaskIdxDao.m in Sources */ = {isa = PBXBuildFile; fileRef = 188B4F8D15C440E700031A2A /* TaskIdxDao.m */; };
		188B4F9315C440E700031A2A /* TasklistDao.m in Sources */ = {isa = PBXBuildFile; fileRef = 188B4F8F15C440E700031A2A /* TasklistDao.m */; };
		18A3D47615C50D85002C8C0E /* Task.m in Sources */ = {isa = PBXBuildFile; fileRef = 18A3D47515C50D85002C8C0E /* Task.m */; };
		18A3D47A15C50D85002C8C0E /* TaskIdx.m in Sources */ = {isa = PBXBuildFile; fileRef = 18A3D47915C50D85002C8C0E /* TaskIdx.m */; };
		18A3D47D15C50D85002C8C0E /* Tasklist.m in Sources */ = {isa = PBXBuildFile; fileRef = 18A3D47C15C50D85002C8C0E /* Tasklist.m */; };
		18A3D48315C50DBB002C8C0E /* ChangeLog.m in Sources */ = {isa = PBXBuildFile; fileRef = 18A3D48215C50DBB002C8C0E /* ChangeLog.m */; };
		18A41EB915C5B8E300D49298 /* NoticeViewController.m in Sources */ = {isa = PBXBuildFile; fileRef = 18A41EB815C5B8E300D49298 /* NoticeViewController.m */; };
		18B99F2D15C3C67000B219E3 /* TaskModel.xcdatamodeld in Sources */ = {isa = PBXBuildFile; fileRef = 18B99F2B15C3C67000B219E3 /* TaskModel.xcdatamodeld */; };
		18D3DC8C15C39DD800A276F7 /* ChangeLogDao.m in Sources */ = {isa = PBXBuildFile; fileRef = 18D3DC8515C39DD800A276F7 /* ChangeLogDao.m */; };
		18E2974815BCE99400DCED79 /* Config.plist in Resources */ = {isa = PBXBuildFile; fileRef = 18E2974715BCE99400DCED79 /* Config.plist */; };
		18E2975815BD12F500DCED79 /* cooper.png in Resources */ = {isa = PBXBuildFile; fileRef = 18E2975715BD12F500DCED79 /* cooper.png */; };
		18E2975A15BD151800DCED79 /* loginbtn.png in Resources */ = {isa = PBXBuildFile; fileRef = 18E2975915BD151800DCED79 /* loginbtn.png */; };
		18FAC24E15BF980D003F56B2 /* edit.png in Resources */ = {isa = PBXBuildFile; fileRef = 18FAC24C15BF980D003F56B2 /* edit.png */; };
		18FAC25515BFA143003F56B2 /* btn_bg_green.png in Resources */ = {isa = PBXBuildFile; fileRef = 18FAC25415BFA143003F56B2 /* btn_bg_green.png */; };
		18FAC25A15BFAF50003F56B2 /* navigationbar_bg.png in Resources */ = {isa = PBXBuildFile; fileRef = 18FAC25915BFAF50003F56B2 /* navigationbar_bg.png */; };
		18FDFBAC15C531310000E9EB /* TasklistEditController.m in Sources */ = {isa = PBXBuildFile; fileRef = 18FDFBAB15C531310000E9EB /* TasklistEditController.m */; };
		8C0C2F2E15AE7AAF00283579 /* LICENSE in Resources */ = {isa = PBXBuildFile; fileRef = 8C0C2F2215AE7AAF00283579 /* LICENSE */; };
		8C0C2F2F15AE7AAF00283579 /* NSObject+SBJSON.m in Sources */ = {isa = PBXBuildFile; fileRef = 8C0C2F2415AE7AAF00283579 /* NSObject+SBJSON.m */; };
		8C0C2F3015AE7AAF00283579 /* NSString+SBJSON.m in Sources */ = {isa = PBXBuildFile; fileRef = 8C0C2F2615AE7AAF00283579 /* NSString+SBJSON.m */; };
		8C0C2F3115AE7AAF00283579 /* SBJsonBase.m in Sources */ = {isa = PBXBuildFile; fileRef = 8C0C2F2915AE7AAF00283579 /* SBJsonBase.m */; };
		8C0C2F3215AE7AAF00283579 /* SBJsonParser.m in Sources */ = {isa = PBXBuildFile; fileRef = 8C0C2F2B15AE7AAF00283579 /* SBJsonParser.m */; };
		8C0C2F3315AE7AAF00283579 /* SBJsonWriter.m in Sources */ = {isa = PBXBuildFile; fileRef = 8C0C2F2D15AE7AAF00283579 /* SBJsonWriter.m */; };
		EE396266159D343C0018B9EC /* UIKit.framework in Frameworks */ = {isa = PBXBuildFile; fileRef = EE396265159D343B0018B9EC /* UIKit.framework */; };
		EE396268159D343C0018B9EC /* Foundation.framework in Frameworks */ = {isa = PBXBuildFile; fileRef = EE396267159D343C0018B9EC /* Foundation.framework */; };
		EE39626A159D343C0018B9EC /* CoreGraphics.framework in Frameworks */ = {isa = PBXBuildFile; fileRef = EE396269159D343C0018B9EC /* CoreGraphics.framework */; };
		EE396270159D343C0018B9EC /* InfoPlist.strings in Resources */ = {isa = PBXBuildFile; fileRef = EE39626E159D343C0018B9EC /* InfoPlist.strings */; };
		EE396272159D343C0018B9EC /* main.m in Sources */ = {isa = PBXBuildFile; fileRef = EE396271159D343C0018B9EC /* main.m */; };
		EE87F7A915A3F54C00DA8E7F /* ASIAuthenticationDialog.m in Sources */ = {isa = PBXBuildFile; fileRef = EE87F79215A3F54C00DA8E7F /* ASIAuthenticationDialog.m */; };
		EE87F7AA15A3F54C00DA8E7F /* ASIDataCompressor.m in Sources */ = {isa = PBXBuildFile; fileRef = EE87F79515A3F54C00DA8E7F /* ASIDataCompressor.m */; };
		EE87F7AB15A3F54C00DA8E7F /* ASIDataDecompressor.m in Sources */ = {isa = PBXBuildFile; fileRef = EE87F79715A3F54C00DA8E7F /* ASIDataDecompressor.m */; };
		EE87F7AC15A3F54C00DA8E7F /* ASIDownloadCache+CacheExists.m in Sources */ = {isa = PBXBuildFile; fileRef = EE87F79915A3F54C00DA8E7F /* ASIDownloadCache+CacheExists.m */; };
		EE87F7AD15A3F54C00DA8E7F /* ASIDownloadCache.m in Sources */ = {isa = PBXBuildFile; fileRef = EE87F79B15A3F54C00DA8E7F /* ASIDownloadCache.m */; };
		EE87F7AE15A3F54C00DA8E7F /* ASIFormDataRequest.m in Sources */ = {isa = PBXBuildFile; fileRef = EE87F79D15A3F54C00DA8E7F /* ASIFormDataRequest.m */; };
		EE87F7AF15A3F54C00DA8E7F /* ASIHTTPRequest.m in Sources */ = {isa = PBXBuildFile; fileRef = EE87F79F15A3F54C00DA8E7F /* ASIHTTPRequest.m */; };
		EE87F7B015A3F54C00DA8E7F /* ASIInputStream.m in Sources */ = {isa = PBXBuildFile; fileRef = EE87F7A315A3F54C00DA8E7F /* ASIInputStream.m */; };
		EE87F7B115A3F54C00DA8E7F /* ASINetworkQueue.m in Sources */ = {isa = PBXBuildFile; fileRef = EE87F7A515A3F54C00DA8E7F /* ASINetworkQueue.m */; };
		EE87F7B215A3F54C00DA8E7F /* Reachability.m in Sources */ = {isa = PBXBuildFile; fileRef = EE87F7A815A3F54C00DA8E7F /* Reachability.m */; };
		EE87F7BA15A3FA4A00DA8E7F /* CFNetwork.framework in Frameworks */ = {isa = PBXBuildFile; fileRef = EE87F7B915A3FA4900DA8E7F /* CFNetwork.framework */; };
		EE87F7BC15A3FAE200DA8E7F /* SystemConfiguration.framework in Frameworks */ = {isa = PBXBuildFile; fileRef = EE87F7BB15A3FAE200DA8E7F /* SystemConfiguration.framework */; };
		EE87F7BE15A3FB0A00DA8E7F /* MobileCoreServices.framework in Frameworks */ = {isa = PBXBuildFile; fileRef = EE87F7BD15A3FB0A00DA8E7F /* MobileCoreServices.framework */; };
		EE87F7C015A3FB3D00DA8E7F /* libz.1.2.5.dylib in Frameworks */ = {isa = PBXBuildFile; fileRef = EE87F7BF15A3FB3C00DA8E7F /* libz.1.2.5.dylib */; };
		EECC9EBA15A1414D0078DF9A /* CoreData.framework in Frameworks */ = {isa = PBXBuildFile; fileRef = EECC9EB915A1414D0078DF9A /* CoreData.framework */; };
/* End PBXBuildFile section */

/* Begin PBXFileReference section */
		1810149015C0489400D67C06 /* CustomButton.h */ = {isa = PBXFileReference; fileEncoding = 4; lastKnownFileType = sourcecode.c.h; name = CustomButton.h; path = Controls/CustomButton.h; sourceTree = "<group>"; };
		1810149115C0489500D67C06 /* CustomButton.m */ = {isa = PBXFileReference; fileEncoding = 4; lastKnownFileType = sourcecode.c.objc; name = CustomButton.m; path = Controls/CustomButton.m; sourceTree = "<group>"; };
		1810149215C0489600D67C06 /* CustomerTabBarController.h */ = {isa = PBXFileReference; fileEncoding = 4; lastKnownFileType = sourcecode.c.h; name = CustomerTabBarController.h; path = Controls/CustomerTabBarController.h; sourceTree = "<group>"; };
		1810149315C0489700D67C06 /* CustomerTabBarController.m */ = {isa = PBXFileReference; fileEncoding = 4; lastKnownFileType = sourcecode.c.objc; name = CustomerTabBarController.m; path = Controls/CustomerTabBarController.m; sourceTree = "<group>"; };
		1810149415C0489900D67C06 /* CustomSwitchCell.xib */ = {isa = PBXFileReference; fileEncoding = 4; lastKnownFileType = file.xib; name = CustomSwitchCell.xib; path = Controls/CustomSwitchCell.xib; sourceTree = "<group>"; };
		1810149515C0489A00D67C06 /* CustomTabBarController.h */ = {isa = PBXFileReference; fileEncoding = 4; lastKnownFileType = sourcecode.c.h; name = CustomTabBarController.h; path = Controls/CustomTabBarController.h; sourceTree = "<group>"; };
		1810149615C0489C00D67C06 /* CustomTabBarController.m */ = {isa = PBXFileReference; fileEncoding = 4; lastKnownFileType = sourcecode.c.objc; name = CustomTabBarController.m; path = Controls/CustomTabBarController.m; sourceTree = "<group>"; };
		1810149715C0489D00D67C06 /* CustomTextFieldCell.xib */ = {isa = PBXFileReference; fileEncoding = 4; lastKnownFileType = file.xib; name = CustomTextFieldCell.xib; path = Controls/CustomTextFieldCell.xib; sourceTree = "<group>"; };
		1810149815C0489D00D67C06 /* CustomTextViewCell.xib */ = {isa = PBXFileReference; fileEncoding = 4; lastKnownFileType = file.xib; name = CustomTextViewCell.xib; path = Controls/CustomTextViewCell.xib; sourceTree = "<group>"; };
		1810149915C0489E00D67C06 /* CustomToolbar.h */ = {isa = PBXFileReference; fileEncoding = 4; lastKnownFileType = sourcecode.c.h; name = CustomToolbar.h; path = Controls/CustomToolbar.h; sourceTree = "<group>"; };
		1810149A15C048A100D67C06 /* CustomToolbar.m */ = {isa = PBXFileReference; fileEncoding = 4; lastKnownFileType = sourcecode.c.objc; name = CustomToolbar.m; path = Controls/CustomToolbar.m; sourceTree = "<group>"; };
		1810149B15C048A200D67C06 /* DomainLabel.h */ = {isa = PBXFileReference; fileEncoding = 4; lastKnownFileType = sourcecode.c.h; name = DomainLabel.h; path = Controls/DomainLabel.h; sourceTree = "<group>"; };
		1810149C15C048A200D67C06 /* DomainLabel.m */ = {isa = PBXFileReference; fileEncoding = 4; lastKnownFileType = sourcecode.c.objc; name = DomainLabel.m; path = Controls/DomainLabel.m; sourceTree = "<group>"; };
		1810149D15C048A300D67C06 /* EndDateCell.h */ = {isa = PBXFileReference; fileEncoding = 4; lastKnownFileType = sourcecode.c.h; name = EndDateCell.h; path = Controls/EndDateCell.h; sourceTree = "<group>"; };
		1810149E15C048A400D67C06 /* EndDateCell.m */ = {isa = PBXFileReference; fileEncoding = 4; lastKnownFileType = sourcecode.c.objc; name = EndDateCell.m; path = Controls/EndDateCell.m; sourceTree = "<group>"; };
		1810149F15C048A400D67C06 /* EndDateCell.xib */ = {isa = PBXFileReference; fileEncoding = 4; lastKnownFileType = file.xib; name = EndDateCell.xib; path = Controls/EndDateCell.xib; sourceTree = "<group>"; };
		181014A015C048A500D67C06 /* PickerInputTableViewCell.h */ = {isa = PBXFileReference; fileEncoding = 4; lastKnownFileType = sourcecode.c.h; name = PickerInputTableViewCell.h; path = Controls/PickerInputTableViewCell.h; sourceTree = "<group>"; };
		181014A115C048A500D67C06 /* PickerInputTableViewCell.m */ = {isa = PBXFileReference; fileEncoding = 4; lastKnownFileType = sourcecode.c.objc; name = PickerInputTableViewCell.m; path = Controls/PickerInputTableViewCell.m; sourceTree = "<group>"; };
		181014A215C048AD00D67C06 /* PriorityPickerInputTableViewCell.h */ = {isa = PBXFileReference; fileEncoding = 4; lastKnownFileType = sourcecode.c.h; name = PriorityPickerInputTableViewCell.h; path = Controls/PriorityPickerInputTableViewCell.h; sourceTree = "<group>"; };
		181014A315C048AE00D67C06 /* PriorityPickerInputTableViewCell.m */ = {isa = PBXFileReference; fileEncoding = 4; lastKnownFileType = sourcecode.c.objc; name = PriorityPickerInputTableViewCell.m; path = Controls/PriorityPickerInputTableViewCell.m; sourceTree = "<group>"; };
		181014A415C048AE00D67C06 /* SimplePickerInputTableViewCell.h */ = {isa = PBXFileReference; fileEncoding = 4; lastKnownFileType = sourcecode.c.h; name = SimplePickerInputTableViewCell.h; path = Controls/SimplePickerInputTableViewCell.h; sourceTree = "<group>"; };
		181014A515C048AF00D67C06 /* SimplePickerInputTableViewCell.m */ = {isa = PBXFileReference; fileEncoding = 4; lastKnownFileType = sourcecode.c.objc; name = SimplePickerInputTableViewCell.m; path = Controls/SimplePickerInputTableViewCell.m; sourceTree = "<group>"; };
		181014A615C048B000D67C06 /* TaskTableViewCell.h */ = {isa = PBXFileReference; fileEncoding = 4; lastKnownFileType = sourcecode.c.h; name = TaskTableViewCell.h; path = Controls/TaskTableViewCell.h; sourceTree = "<group>"; };
		181014A715C048B000D67C06 /* TaskTableViewCell.m */ = {isa = PBXFileReference; fileEncoding = 4; lastKnownFileType = sourcecode.c.objc; name = TaskTableViewCell.m; path = Controls/TaskTableViewCell.m; sourceTree = "<group>"; };
		181014A815C048B100D67C06 /* TaskViewCell.h */ = {isa = PBXFileReference; fileEncoding = 4; lastKnownFileType = sourcecode.c.h; name = TaskViewCell.h; path = Controls/TaskViewCell.h; sourceTree = "<group>"; };
		181014A915C048B200D67C06 /* TaskViewCell.m */ = {isa = PBXFileReference; fileEncoding = 4; lastKnownFileType = sourcecode.c.objc; name = TaskViewCell.m; path = Controls/TaskViewCell.m; sourceTree = "<group>"; };
		181014AA15C048B200D67C06 /* TaskViewCell.xib */ = {isa = PBXFileReference; fileEncoding = 4; lastKnownFileType = file.xib; name = TaskViewCell.xib; path = Controls/TaskViewCell.xib; sourceTree = "<group>"; };
		181014AB15C048B300D67C06 /* UIImage+Scale.h */ = {isa = PBXFileReference; fileEncoding = 4; lastKnownFileType = sourcecode.c.h; name = "UIImage+Scale.h"; path = "Controls/UIImage+Scale.h"; sourceTree = "<group>"; };
		181014AC15C048B400D67C06 /* UIImage+Scale.m */ = {isa = PBXFileReference; fileEncoding = 4; lastKnownFileType = sourcecode.c.objc; name = "UIImage+Scale.m"; path = "Controls/UIImage+Scale.m"; sourceTree = "<group>"; };
		181014BE15C0492900D67C06 /* AppDelegate.h */ = {isa = PBXFileReference; fileEncoding = 4; lastKnownFileType = sourcecode.c.h; name = AppDelegate.h; path = Application/AppDelegate.h; sourceTree = "<group>"; };
		181014BF15C0492900D67C06 /* AppDelegate.m */ = {isa = PBXFileReference; fileEncoding = 4; lastKnownFileType = sourcecode.c.objc; name = AppDelegate.m; path = Application/AppDelegate.m; sourceTree = "<group>"; };
		181014C115C049E200D67C06 /* AES.h */ = {isa = PBXFileReference; fileEncoding = 4; lastKnownFileType = sourcecode.c.h; name = AES.h; path = Util/AES.h; sourceTree = "<group>"; };
		181014C215C049E200D67C06 /* AES.m */ = {isa = PBXFileReference; fileEncoding = 4; lastKnownFileType = sourcecode.c.objc; name = AES.m; path = Util/AES.m; sourceTree = "<group>"; };
		181014C315C049E200D67C06 /* AESEncrypt.h */ = {isa = PBXFileReference; fileEncoding = 4; lastKnownFileType = sourcecode.c.h; name = AESEncrypt.h; path = Util/AESEncrypt.h; sourceTree = "<group>"; };
		181014C415C049E200D67C06 /* AESEncrypt.m */ = {isa = PBXFileReference; fileEncoding = 4; lastKnownFileType = sourcecode.c.objc; name = AESEncrypt.m; path = Util/AESEncrypt.m; sourceTree = "<group>"; };
		181014C715C049F800D67C06 /* AccountService.h */ = {isa = PBXFileReference; fileEncoding = 4; lastKnownFileType = sourcecode.c.h; name = AccountService.h; path = Util/AccountService.h; sourceTree = "<group>"; };
		181014C815C049F800D67C06 /* AccountService.m */ = {isa = PBXFileReference; fileEncoding = 4; lastKnownFileType = sourcecode.c.objc; name = AccountService.m; path = Util/AccountService.m; sourceTree = "<group>"; };
		181014C915C049F800D67C06 /* NetworkManager.h */ = {isa = PBXFileReference; fileEncoding = 4; lastKnownFileType = sourcecode.c.h; name = NetworkManager.h; path = Util/NetworkManager.h; sourceTree = "<group>"; };
		181014CA15C049F800D67C06 /* NetworkManager.m */ = {isa = PBXFileReference; fileEncoding = 4; lastKnownFileType = sourcecode.c.objc; name = NetworkManager.m; path = Util/NetworkManager.m; sourceTree = "<group>"; };
		181014CB15C049F800D67C06 /* TaskService.h */ = {isa = PBXFileReference; fileEncoding = 4; lastKnownFileType = sourcecode.c.h; name = TaskService.h; path = Util/TaskService.h; sourceTree = "<group>"; };
		181014CC15C049F800D67C06 /* TaskService.m */ = {isa = PBXFileReference; fileEncoding = 4; lastKnownFileType = sourcecode.c.objc; name = TaskService.m; path = Util/TaskService.m; sourceTree = "<group>"; };
		181014D015C04A1000D67C06 /* MBProgressHUD.h */ = {isa = PBXFileReference; fileEncoding = 4; lastKnownFileType = sourcecode.c.h; name = MBProgressHUD.h; path = Util/MBProgressHUD.h; sourceTree = "<group>"; };
		181014D115C04A1000D67C06 /* MBProgressHUD.m */ = {isa = PBXFileReference; fileEncoding = 4; lastKnownFileType = sourcecode.c.objc; name = MBProgressHUD.m; path = Util/MBProgressHUD.m; sourceTree = "<group>"; };
		181014D315C04A2C00D67C06 /* Cache.h */ = {isa = PBXFileReference; fileEncoding = 4; lastKnownFileType = sourcecode.c.h; name = Cache.h; path = Util/Cache.h; sourceTree = "<group>"; };
		181014D415C04A2C00D67C06 /* Cache.m */ = {isa = PBXFileReference; fileEncoding = 4; lastKnownFileType = sourcecode.c.objc; name = Cache.m; path = Util/Cache.m; sourceTree = "<group>"; };
		181014D515C04A2C00D67C06 /* Constant.h */ = {isa = PBXFileReference; fileEncoding = 4; lastKnownFileType = sourcecode.c.h; name = Constant.h; path = Util/Constant.h; sourceTree = "<group>"; };
		181014D615C04A2C00D67C06 /* Constant.m */ = {isa = PBXFileReference; fileEncoding = 4; lastKnownFileType = sourcecode.c.objc; name = Constant.m; path = Util/Constant.m; sourceTree = "<group>"; };
		181014D715C04A2C00D67C06 /* SysConfig.h */ = {isa = PBXFileReference; fileEncoding = 4; lastKnownFileType = sourcecode.c.h; name = SysConfig.h; path = Util/SysConfig.h; sourceTree = "<group>"; };
		181014D815C04A2C00D67C06 /* SysConfig.m */ = {isa = PBXFileReference; fileEncoding = 4; lastKnownFileType = sourcecode.c.objc; name = SysConfig.m; path = Util/SysConfig.m; sourceTree = "<group>"; };
		181014DC15C04A3D00D67C06 /* ModelHelper.h */ = {isa = PBXFileReference; fileEncoding = 4; lastKnownFileType = sourcecode.c.h; name = ModelHelper.h; path = Util/ModelHelper.h; sourceTree = "<group>"; };
		181014DD15C04A3D00D67C06 /* ModelHelper.m */ = {isa = PBXFileReference; fileEncoding = 4; lastKnownFileType = sourcecode.c.objc; name = ModelHelper.m; path = Util/ModelHelper.m; sourceTree = "<group>"; };
		181014DE15C04A3D00D67C06 /* NSString+decode.h */ = {isa = PBXFileReference; fileEncoding = 4; lastKnownFileType = sourcecode.c.h; name = "NSString+decode.h"; path = "Util/NSString+decode.h"; sourceTree = "<group>"; };
		181014DF15C04A3D00D67C06 /* NSString+decode.m */ = {isa = PBXFileReference; fileEncoding = 4; lastKnownFileType = sourcecode.c.objc; name = "NSString+decode.m"; path = "Util/NSString+decode.m"; sourceTree = "<group>"; };
		181014E015C04A3D00D67C06 /* Tools.h */ = {isa = PBXFileReference; fileEncoding = 4; lastKnownFileType = sourcecode.c.h; name = Tools.h; path = Util/Tools.h; sourceTree = "<group>"; };
		181014E115C04A3D00D67C06 /* Tools.m */ = {isa = PBXFileReference; fileEncoding = 4; lastKnownFileType = sourcecode.c.objc; name = Tools.m; path = Util/Tools.m; sourceTree = "<group>"; };
		181014FD15C04B5800D67C06 /* AccountViewController.h */ = {isa = PBXFileReference; fileEncoding = 4; lastKnownFileType = sourcecode.c.h; name = AccountViewController.h; path = ViewControllers/AccountViewController.h; sourceTree = "<group>"; };
		181014FE15C04B5800D67C06 /* AccountViewController.m */ = {isa = PBXFileReference; fileEncoding = 4; lastKnownFileType = sourcecode.c.objc; name = AccountViewController.m; path = ViewControllers/AccountViewController.m; sourceTree = "<group>"; };
		181014FF15C04B5900D67C06 /* AccountViewController.xib */ = {isa = PBXFileReference; fileEncoding = 4; lastKnownFileType = file.xib; name = AccountViewController.xib; path = ViewControllers/AccountViewController.xib; sourceTree = "<group>"; };
		1810150015C04B5900D67C06 /* PathViewController.h */ = {isa = PBXFileReference; fileEncoding = 4; lastKnownFileType = sourcecode.c.h; name = PathViewController.h; path = ViewControllers/PathViewController.h; sourceTree = "<group>"; };
		1810150115C04B5900D67C06 /* PathViewController.m */ = {isa = PBXFileReference; fileEncoding = 4; lastKnownFileType = sourcecode.c.objc; name = PathViewController.m; path = ViewControllers/PathViewController.m; sourceTree = "<group>"; };
		1810150215C04B5A00D67C06 /* PathViewController.xib */ = {isa = PBXFileReference; fileEncoding = 4; lastKnownFileType = file.xib; name = PathViewController.xib; path = ViewControllers/PathViewController.xib; sourceTree = "<group>"; };
		1810150315C04B5A00D67C06 /* SettingViewController.h */ = {isa = PBXFileReference; fileEncoding = 4; lastKnownFileType = sourcecode.c.h; name = SettingViewController.h; path = ViewControllers/SettingViewController.h; sourceTree = "<group>"; };
		1810150415C04B5A00D67C06 /* SettingViewController.m */ = {isa = PBXFileReference; fileEncoding = 4; lastKnownFileType = sourcecode.c.objc; name = SettingViewController.m; path = ViewControllers/SettingViewController.m; sourceTree = "<group>"; };
		1810150515C04B5B00D67C06 /* SettingViewController.xib */ = {isa = PBXFileReference; fileEncoding = 4; lastKnownFileType = file.xib; name = SettingViewController.xib; path = ViewControllers/SettingViewController.xib; sourceTree = "<group>"; };
		1810150C15C04B6D00D67C06 /* CommentViewController.h */ = {isa = PBXFileReference; fileEncoding = 4; lastKnownFileType = sourcecode.c.h; name = CommentViewController.h; path = ViewControllers/CommentViewController.h; sourceTree = "<group>"; };
		1810150D15C04B6D00D67C06 /* CommentViewController.m */ = {isa = PBXFileReference; fileEncoding = 4; lastKnownFileType = sourcecode.c.objc; name = CommentViewController.m; path = ViewControllers/CommentViewController.m; sourceTree = "<group>"; };
		1810150E15C04B6D00D67C06 /* CommentViewController.xib */ = {isa = PBXFileReference; fileEncoding = 4; lastKnownFileType = file.xib; name = CommentViewController.xib; path = ViewControllers/CommentViewController.xib; sourceTree = "<group>"; };
		1810151115C04B7B00D67C06 /* MainViewController.h */ = {isa = PBXFileReference; fileEncoding = 4; lastKnownFileType = sourcecode.c.h; name = MainViewController.h; path = ViewControllers/MainViewController.h; sourceTree = "<group>"; };
		1810151215C04B7B00D67C06 /* MainViewController.m */ = {isa = PBXFileReference; fileEncoding = 4; lastKnownFileType = sourcecode.c.objc; name = MainViewController.m; path = ViewControllers/MainViewController.m; sourceTree = "<group>"; };
		1810151415C04B8700D67C06 /* LoginViewController.h */ = {isa = PBXFileReference; fileEncoding = 4; lastKnownFileType = sourcecode.c.h; name = LoginViewController.h; path = ViewControllers/LoginViewController.h; sourceTree = "<group>"; };
		1810151515C04B8700D67C06 /* LoginViewController.m */ = {isa = PBXFileReference; fileEncoding = 4; lastKnownFileType = sourcecode.c.objc; name = LoginViewController.m; path = ViewControllers/LoginViewController.m; sourceTree = "<group>"; };
		1810151615C04B8800D67C06 /* LoginViewController.xib */ = {isa = PBXFileReference; fileEncoding = 4; lastKnownFileType = file.xib; name = LoginViewController.xib; path = ViewControllers/LoginViewController.xib; sourceTree = "<group>"; };
		1810151715C04B8800D67C06 /* LoginViewDelegate.h */ = {isa = PBXFileReference; fileEncoding = 4; lastKnownFileType = sourcecode.c.h; name = LoginViewDelegate.h; path = ViewControllers/LoginViewDelegate.h; sourceTree = "<group>"; };
		1810151A15C04B9A00D67C06 /* PriorityViewController.h */ = {isa = PBXFileReference; fileEncoding = 4; lastKnownFileType = sourcecode.c.h; name = PriorityViewController.h; path = ViewControllers/PriorityViewController.h; sourceTree = "<group>"; };
		1810151B15C04B9A00D67C06 /* PriorityViewController.m */ = {isa = PBXFileReference; fileEncoding = 4; lastKnownFileType = sourcecode.c.objc; name = PriorityViewController.m; path = ViewControllers/PriorityViewController.m; sourceTree = "<group>"; };
		1810151C15C04B9A00D67C06 /* PriorityViewController.xib */ = {isa = PBXFileReference; fileEncoding = 4; lastKnownFileType = file.xib; name = PriorityViewController.xib; path = ViewControllers/PriorityViewController.xib; sourceTree = "<group>"; };
		1810152215C04BAF00D67C06 /* TaskDetailViewController.h */ = {isa = PBXFileReference; fileEncoding = 4; lastKnownFileType = sourcecode.c.h; name = TaskDetailViewController.h; path = ViewControllers/TaskDetailViewController.h; sourceTree = "<group>"; };
		1810152315C04BAF00D67C06 /* TaskDetailViewController.m */ = {isa = PBXFileReference; fileEncoding = 4; lastKnownFileType = sourcecode.c.objc; name = TaskDetailViewController.m; path = ViewControllers/TaskDetailViewController.m; sourceTree = "<group>"; };
		1810152715C04BC000D67C06 /* TaskViewController.h */ = {isa = PBXFileReference; fileEncoding = 4; lastKnownFileType = sourcecode.c.h; name = TaskViewController.h; path = ViewControllers/TaskViewController.h; sourceTree = "<group>"; };
		1810152815C04BC100D67C06 /* TaskViewController.m */ = {isa = PBXFileReference; fileEncoding = 4; lastKnownFileType = sourcecode.c.objc; name = TaskViewController.m; path = ViewControllers/TaskViewController.m; sourceTree = "<group>"; };
		1810152915C04BC100D67C06 /* TaskViewController.xib */ = {isa = PBXFileReference; fileEncoding = 4; lastKnownFileType = file.xib; name = TaskViewController.xib; path = ViewControllers/TaskViewController.xib; sourceTree = "<group>"; };
		1810152A15C04BC100D67C06 /* TaskViewDelegate.h */ = {isa = PBXFileReference; fileEncoding = 4; lastKnownFileType = sourcecode.c.h; name = TaskViewDelegate.h; path = ViewControllers/TaskViewDelegate.h; sourceTree = "<group>"; };
		1835EFCE15C0CA59004AF233 /* incomplete.png */ = {isa = PBXFileReference; lastKnownFileType = image.png; path = incomplete.png; sourceTree = "<group>"; };
		1835EFCF15C0CA59004AF233 /* refresh.png */ = {isa = PBXFileReference; lastKnownFileType = image.png; path = refresh.png; sourceTree = "<group>"; };
		1835EFD015C0CA59004AF233 /* tasklist.png */ = {isa = PBXFileReference; lastKnownFileType = image.png; path = tasklist.png; sourceTree = "<group>"; };
		1835EFD515C0CF99004AF233 /* TaskDetailEditViewController.h */ = {isa = PBXFileReference; fileEncoding = 4; lastKnownFileType = sourcecode.c.h; name = TaskDetailEditViewController.h; path = ViewControllers/TaskDetailEditViewController.h; sourceTree = "<group>"; };
		1835EFD615C0CF99004AF233 /* TaskDetailEditViewController.m */ = {isa = PBXFileReference; fileEncoding = 4; lastKnownFileType = sourcecode.c.objc; name = TaskDetailEditViewController.m; path = ViewControllers/TaskDetailEditViewController.m; sourceTree = "<group>"; };
		1835EFE015C0E93C004AF233 /* arowright.png */ = {isa = PBXFileReference; lastKnownFileType = image.png; path = arowright.png; sourceTree = "<group>"; };
		1835EFE615C10898004AF233 /* QuartzCore.framework */ = {isa = PBXFileReference; lastKnownFileType = wrapper.framework; name = QuartzCore.framework; path = System/Library/Frameworks/QuartzCore.framework; sourceTree = SDKROOT; };
		1835EFED15C1130B004AF233 /* CommentTextField.h */ = {isa = PBXFileReference; fileEncoding = 4; lastKnownFileType = sourcecode.c.h; name = CommentTextField.h; path = Controls/CommentTextField.h; sourceTree = "<group>"; };
		1835EFEE15C1130B004AF233 /* CommentTextField.m */ = {isa = PBXFileReference; fileEncoding = 4; lastKnownFileType = sourcecode.c.objc; name = CommentTextField.m; path = Controls/CommentTextField.m; sourceTree = "<group>"; };
		18409FA115C196BD00639DEE /* bg-line.png */ = {isa = PBXFileReference; lastKnownFileType = image.png; path = "bg-line.png"; sourceTree = "<group>"; };
		18409FA215C196BD00639DEE /* complete-small.png */ = {isa = PBXFileReference; lastKnownFileType = image.png; path = "complete-small.png"; sourceTree = "<group>"; };
		18409FA315C196BD00639DEE /* incomplete-small.png */ = {isa = PBXFileReference; lastKnownFileType = image.png; path = "incomplete-small.png"; sourceTree = "<group>"; };
		18409FA415C196BD00639DEE /* setting-small.png */ = {isa = PBXFileReference; lastKnownFileType = image.png; path = "setting-small.png"; sourceTree = "<group>"; };
		18409FAA15C199D700639DEE /* Test.h */ = {isa = PBXFileReference; fileEncoding = 4; lastKnownFileType = sourcecode.c.h; name = Test.h; path = Util/Test.h; sourceTree = "<group>"; };
		18409FAB15C199D700639DEE /* Test.m */ = {isa = PBXFileReference; fileEncoding = 4; lastKnownFileType = sourcecode.c.objc; name = Test.m; path = Util/Test.m; sourceTree = "<group>"; };
		1872E81D15C265CB00A8EA41 /* BaseViewController.h */ = {isa = PBXFileReference; fileEncoding = 4; lastKnownFileType = sourcecode.c.h; name = BaseViewController.h; path = ViewControllers/BaseViewController.h; sourceTree = "<group>"; };
		1872E81E15C265CB00A8EA41 /* BaseViewController.m */ = {isa = PBXFileReference; fileEncoding = 4; lastKnownFileType = sourcecode.c.objc; name = BaseViewController.m; path = ViewControllers/BaseViewController.m; sourceTree = "<group>"; };
		1872E82115C2667B00A8EA41 /* BaseTableViewController.h */ = {isa = PBXFileReference; fileEncoding = 4; lastKnownFileType = sourcecode.c.h; name = BaseTableViewController.h; path = Controls/BaseTableViewController.h; sourceTree = "<group>"; };
		1872E82215C2667B00A8EA41 /* BaseTableViewController.m */ = {isa = PBXFileReference; fileEncoding = 4; lastKnownFileType = sourcecode.c.objc; name = BaseTableViewController.m; path = Controls/BaseTableViewController.m; sourceTree = "<group>"; };
		1872E82515C26B6000A8EA41 /* TasklistViewController.h */ = {isa = PBXFileReference; fileEncoding = 4; lastKnownFileType = sourcecode.c.h; name = TasklistViewController.h; path = Controls/TasklistViewController.h; sourceTree = "<group>"; };
		1872E82615C26B6000A8EA41 /* TasklistViewController.m */ = {isa = PBXFileReference; fileEncoding = 4; lastKnownFileType = sourcecode.c.objc; name = TasklistViewController.m; path = Controls/TasklistViewController.m; sourceTree = "<group>"; };
		1872E82815C2703500A8EA41 /* BaseNavigationController.h */ = {isa = PBXFileReference; fileEncoding = 4; lastKnownFileType = sourcecode.c.h; name = BaseNavigationController.h; path = Controls/BaseNavigationController.h; sourceTree = "<group>"; };
		1872E82915C2703500A8EA41 /* BaseNavigationController.m */ = {isa = PBXFileReference; fileEncoding = 4; lastKnownFileType = sourcecode.c.objc; name = BaseNavigationController.m; path = Controls/BaseNavigationController.m; sourceTree = "<group>"; };
		1872E82B15C274E400A8EA41 /* TasklistService.h */ = {isa = PBXFileReference; fileEncoding = 4; lastKnownFileType = sourcecode.c.h; name = TasklistService.h; path = Util/TasklistService.h; sourceTree = "<group>"; };
		1872E82C15C274E400A8EA41 /* TasklistService.m */ = {isa = PBXFileReference; fileEncoding = 4; lastKnownFileType = sourcecode.c.objc; name = TasklistService.m; path = Util/TasklistService.m; sourceTree = "<group>"; };
		1881EC9915BEEAC600B47A7A /* tabbar_bg.png */ = {isa = PBXFileReference; lastKnownFileType = image.png; path = tabbar_bg.png; sourceTree = "<group>"; };
		1881EC9D15BEF18400B47A7A /* btn_bg.png */ = {isa = PBXFileReference; lastKnownFileType = image.png; path = btn_bg.png; sourceTree = "<group>"; };
		1881ECA715BEFC5B00B47A7A /* task.png */ = {isa = PBXFileReference; lastKnownFileType = image.png; path = task.png; sourceTree = "<group>"; };
		1881ECA915BEFD5400B47A7A /* complete.png */ = {isa = PBXFileReference; lastKnownFileType = image.png; path = complete.png; sourceTree = "<group>"; };
		1881ECAA15BEFD5400B47A7A /* setting.png */ = {isa = PBXFileReference; lastKnownFileType = image.png; path = setting.png; sourceTree = "<group>"; };
		1881ECAB15BEFD5400B47A7A /* uncomplete.png */ = {isa = PBXFileReference; lastKnownFileType = image.png; path = uncomplete.png; sourceTree = "<group>"; };
		1881ECC215BF22A400B47A7A /* tabbar_selectedbg.png */ = {isa = PBXFileReference; lastKnownFileType = image.png; path = tabbar_selectedbg.png; sourceTree = "<group>"; };
		1881ECC415BF731C00B47A7A /* add.png */ = {isa = PBXFileReference; lastKnownFileType = image.png; path = add.png; sourceTree = "<group>"; };
		1881ECC515BF731C00B47A7A /* list.png */ = {isa = PBXFileReference; lastKnownFileType = image.png; path = list.png; sourceTree = "<group>"; };
		1881ECC615BF731C00B47A7A /* sync.png */ = {isa = PBXFileReference; lastKnownFileType = image.png; path = sync.png; sourceTree = "<group>"; };
		1881ECD315BF7ABD00B47A7A /* logo.png */ = {isa = PBXFileReference; lastKnownFileType = image.png; path = logo.png; sourceTree = "<group>"; };
		1881ECD515BF7B3000B47A7A /* btn_center.png */ = {isa = PBXFileReference; lastKnownFileType = image.png; path = btn_center.png; sourceTree = "<group>"; };
		1881ECD715BF7E0200B47A7A /* back.png */ = {isa = PBXFileReference; lastKnownFileType = image.png; path = back.png; sourceTree = "<group>"; };
		1884DB2815BDBE9D00A0B562 /* sectionTitlebg.png */ = {isa = PBXFileReference; lastKnownFileType = image.png; path = sectionTitlebg.png; sourceTree = "<group>"; };
		1884DB2B15BDCEB700A0B562 /* icon.png */ = {isa = PBXFileReference; lastKnownFileType = image.png; path = icon.png; sourceTree = "<group>"; };
		1884DB2C15BDCEB700A0B562 /* icon@2x.png */ = {isa = PBXFileReference; lastKnownFileType = image.png; path = "icon@2x.png"; sourceTree = "<group>"; };
		1884DB2F15BDCF1300A0B562 /* Default.png */ = {isa = PBXFileReference; lastKnownFileType = image.png; path = Default.png; sourceTree = "<group>"; };
		1884DB3015BDCF1300A0B562 /* Default~ipad.png */ = {isa = PBXFileReference; lastKnownFileType = image.png; path = "Default~ipad.png"; sourceTree = "<group>"; };
		1886CCA315C06482002346A1 /* DateLabel.h */ = {isa = PBXFileReference; fileEncoding = 4; lastKnownFileType = sourcecode.c.h; name = DateLabel.h; path = Controls/DateLabel.h; sourceTree = "<group>"; };
		1886CCA415C06482002346A1 /* DateLabel.m */ = {isa = PBXFileReference; fileEncoding = 4; lastKnownFileType = sourcecode.c.objc; name = DateLabel.m; path = Controls/DateLabel.m; sourceTree = "<group>"; };
		1886CCA715C06C2B002346A1 /* btn_bg_gray.png */ = {isa = PBXFileReference; lastKnownFileType = image.png; path = btn_bg_gray.png; sourceTree = "<group>"; };
		1886CCA915C0733B002346A1 /* PriorityButton.h */ = {isa = PBXFileReference; fileEncoding = 4; lastKnownFileType = sourcecode.c.h; name = PriorityButton.h; path = Controls/PriorityButton.h; sourceTree = "<group>"; };
		1886CCAA15C0733B002346A1 /* PriorityButton.m */ = {isa = PBXFileReference; fileEncoding = 4; lastKnownFileType = sourcecode.c.objc; name = PriorityButton.m; path = Controls/PriorityButton.m; sourceTree = "<group>"; };
		188B4F8815C440E700031A2A /* RootDao.h */ = {isa = PBXFileReference; fileEncoding = 4; lastKnownFileType = sourcecode.c.h; name = RootDao.h; path = Models/RootDao.h; sourceTree = "<group>"; };
		188B4F8915C440E700031A2A /* RootDao.m */ = {isa = PBXFileReference; fileEncoding = 4; lastKnownFileType = sourcecode.c.objc; name = RootDao.m; path = Models/RootDao.m; sourceTree = "<group>"; };
		188B4F8A15C440E700031A2A /* TaskDao.h */ = {isa = PBXFileReference; fileEncoding = 4; lastKnownFileType = sourcecode.c.h; name = TaskDao.h; path = Models/TaskDao.h; sourceTree = "<group>"; };
		188B4F8B15C440E700031A2A /* TaskDao.m */ = {isa = PBXFileReference; fileEncoding = 4; lastKnownFileType = sourcecode.c.objc; name = TaskDao.m; path = Models/TaskDao.m; sourceTree = "<group>"; };
		188B4F8C15C440E700031A2A /* TaskIdxDao.h */ = {isa = PBXFileReference; fileEncoding = 4; lastKnownFileType = sourcecode.c.h; name = TaskIdxDao.h; path = Models/TaskIdxDao.h; sourceTree = "<group>"; };
		188B4F8D15C440E700031A2A /* TaskIdxDao.m */ = {isa = PBXFileReference; fileEncoding = 4; lastKnownFileType = sourcecode.c.objc; name = TaskIdxDao.m; path = Models/TaskIdxDao.m; sourceTree = "<group>"; };
		188B4F8E15C440E700031A2A /* TasklistDao.h */ = {isa = PBXFileReference; fileEncoding = 4; lastKnownFileType = sourcecode.c.h; name = TasklistDao.h; path = Models/TasklistDao.h; sourceTree = "<group>"; };
		188B4F8F15C440E700031A2A /* TasklistDao.m */ = {isa = PBXFileReference; fileEncoding = 4; lastKnownFileType = sourcecode.c.objc; name = TasklistDao.m; path = Models/TasklistDao.m; sourceTree = "<group>"; };
		18A3D47415C50D85002C8C0E /* Task.h */ = {isa = PBXFileReference; fileEncoding = 4; lastKnownFileType = sourcecode.c.h; name = Task.h; path = Models/Task.h; sourceTree = "<group>"; };
		18A3D47515C50D85002C8C0E /* Task.m */ = {isa = PBXFileReference; fileEncoding = 4; lastKnownFileType = sourcecode.c.objc; name = Task.m; path = Models/Task.m; sourceTree = "<group>"; };
		18A3D47815C50D85002C8C0E /* TaskIdx.h */ = {isa = PBXFileReference; fileEncoding = 4; lastKnownFileType = sourcecode.c.h; name = TaskIdx.h; path = Models/TaskIdx.h; sourceTree = "<group>"; };
		18A3D47915C50D85002C8C0E /* TaskIdx.m */ = {isa = PBXFileReference; fileEncoding = 4; lastKnownFileType = sourcecode.c.objc; name = TaskIdx.m; path = Models/TaskIdx.m; sourceTree = "<group>"; };
		18A3D47B15C50D85002C8C0E /* Tasklist.h */ = {isa = PBXFileReference; fileEncoding = 4; lastKnownFileType = sourcecode.c.h; name = Tasklist.h; path = Models/Tasklist.h; sourceTree = "<group>"; };
		18A3D47C15C50D85002C8C0E /* Tasklist.m */ = {isa = PBXFileReference; fileEncoding = 4; lastKnownFileType = sourcecode.c.objc; name = Tasklist.m; path = Models/Tasklist.m; sourceTree = "<group>"; };
		18A3D48115C50DBB002C8C0E /* ChangeLog.h */ = {isa = PBXFileReference; fileEncoding = 4; lastKnownFileType = sourcecode.c.h; name = ChangeLog.h; path = Models/ChangeLog.h; sourceTree = "<group>"; };
		18A3D48215C50DBB002C8C0E /* ChangeLog.m */ = {isa = PBXFileReference; fileEncoding = 4; lastKnownFileType = sourcecode.c.objc; name = ChangeLog.m; path = Models/ChangeLog.m; sourceTree = "<group>"; };
		18A41EB715C5B8E300D49298 /* NoticeViewController.h */ = {isa = PBXFileReference; fileEncoding = 4; lastKnownFileType = sourcecode.c.h; name = NoticeViewController.h; path = ViewControllers/NoticeViewController.h; sourceTree = "<group>"; };
		18A41EB815C5B8E300D49298 /* NoticeViewController.m */ = {isa = PBXFileReference; fileEncoding = 4; lastKnownFileType = sourcecode.c.objc; name = NoticeViewController.m; path = ViewControllers/NoticeViewController.m; sourceTree = "<group>"; };
		18B99F2C15C3C67000B219E3 /* TaskModel.xcdatamodel */ = {isa = PBXFileReference; lastKnownFileType = wrapper.xcdatamodel; path = TaskModel.xcdatamodel; sourceTree = "<group>"; };
		18D3DC8415C39DD800A276F7 /* ChangeLogDao.h */ = {isa = PBXFileReference; fileEncoding = 4; lastKnownFileType = sourcecode.c.h; path = ChangeLogDao.h; sourceTree = "<group>"; };
		18D3DC8515C39DD800A276F7 /* ChangeLogDao.m */ = {isa = PBXFileReference; fileEncoding = 4; lastKnownFileType = sourcecode.c.objc; path = ChangeLogDao.m; sourceTree = "<group>"; };
		18E2974715BCE99400DCED79 /* Config.plist */ = {isa = PBXFileReference; fileEncoding = 4; lastKnownFileType = text.plist.xml; path = Config.plist; sourceTree = "<group>"; };
		18E2975715BD12F500DCED79 /* cooper.png */ = {isa = PBXFileReference; lastKnownFileType = image.png; path = cooper.png; sourceTree = "<group>"; };
		18E2975915BD151800DCED79 /* loginbtn.png */ = {isa = PBXFileReference; lastKnownFileType = image.png; path = loginbtn.png; sourceTree = "<group>"; };
		18FAC24C15BF980D003F56B2 /* edit.png */ = {isa = PBXFileReference; lastKnownFileType = image.png; path = edit.png; sourceTree = "<group>"; };
		18FAC25415BFA143003F56B2 /* btn_bg_green.png */ = {isa = PBXFileReference; lastKnownFileType = image.png; path = btn_bg_green.png; sourceTree = "<group>"; };
		18FAC25915BFAF50003F56B2 /* navigationbar_bg.png */ = {isa = PBXFileReference; lastKnownFileType = image.png; path = navigationbar_bg.png; sourceTree = "<group>"; };
		18FDFBAA15C531310000E9EB /* TasklistEditController.h */ = {isa = PBXFileReference; fileEncoding = 4; lastKnownFileType = sourcecode.c.h; name = TasklistEditController.h; path = ViewControllers/TasklistEditController.h; sourceTree = "<group>"; };
		18FDFBAB15C531310000E9EB /* TasklistEditController.m */ = {isa = PBXFileReference; fileEncoding = 4; lastKnownFileType = sourcecode.c.objc; name = TasklistEditController.m; path = ViewControllers/TasklistEditController.m; sourceTree = "<group>"; };
		8C0C2F2115AE7AAF00283579 /* JSON.h */ = {isa = PBXFileReference; fileEncoding = 4; lastKnownFileType = sourcecode.c.h; path = JSON.h; sourceTree = "<group>"; };
		8C0C2F2215AE7AAF00283579 /* LICENSE */ = {isa = PBXFileReference; fileEncoding = 4; lastKnownFileType = text; path = LICENSE; sourceTree = "<group>"; };
		8C0C2F2315AE7AAF00283579 /* NSObject+SBJSON.h */ = {isa = PBXFileReference; fileEncoding = 4; lastKnownFileType = sourcecode.c.h; path = "NSObject+SBJSON.h"; sourceTree = "<group>"; };
		8C0C2F2415AE7AAF00283579 /* NSObject+SBJSON.m */ = {isa = PBXFileReference; fileEncoding = 4; lastKnownFileType = sourcecode.c.objc; path = "NSObject+SBJSON.m"; sourceTree = "<group>"; };
		8C0C2F2515AE7AAF00283579 /* NSString+SBJSON.h */ = {isa = PBXFileReference; fileEncoding = 4; lastKnownFileType = sourcecode.c.h; path = "NSString+SBJSON.h"; sourceTree = "<group>"; };
		8C0C2F2615AE7AAF00283579 /* NSString+SBJSON.m */ = {isa = PBXFileReference; fileEncoding = 4; lastKnownFileType = sourcecode.c.objc; path = "NSString+SBJSON.m"; sourceTree = "<group>"; };
		8C0C2F2715AE7AAF00283579 /* SBJSON-Prefix.pch */ = {isa = PBXFileReference; fileEncoding = 4; lastKnownFileType = sourcecode.c.h; path = "SBJSON-Prefix.pch"; sourceTree = "<group>"; };
		8C0C2F2815AE7AAF00283579 /* SBJsonBase.h */ = {isa = PBXFileReference; fileEncoding = 4; lastKnownFileType = sourcecode.c.h; path = SBJsonBase.h; sourceTree = "<group>"; };
		8C0C2F2915AE7AAF00283579 /* SBJsonBase.m */ = {isa = PBXFileReference; fileEncoding = 4; lastKnownFileType = sourcecode.c.objc; path = SBJsonBase.m; sourceTree = "<group>"; };
		8C0C2F2A15AE7AAF00283579 /* SBJsonParser.h */ = {isa = PBXFileReference; fileEncoding = 4; lastKnownFileType = sourcecode.c.h; path = SBJsonParser.h; sourceTree = "<group>"; };
		8C0C2F2B15AE7AAF00283579 /* SBJsonParser.m */ = {isa = PBXFileReference; fileEncoding = 4; lastKnownFileType = sourcecode.c.objc; path = SBJsonParser.m; sourceTree = "<group>"; };
		8C0C2F2C15AE7AAF00283579 /* SBJsonWriter.h */ = {isa = PBXFileReference; fileEncoding = 4; lastKnownFileType = sourcecode.c.h; path = SBJsonWriter.h; sourceTree = "<group>"; };
		8C0C2F2D15AE7AAF00283579 /* SBJsonWriter.m */ = {isa = PBXFileReference; fileEncoding = 4; lastKnownFileType = sourcecode.c.objc; path = SBJsonWriter.m; sourceTree = "<group>"; };
		EE396261159D343B0018B9EC /* Cooper.app */ = {isa = PBXFileReference; explicitFileType = wrapper.application; includeInIndex = 0; path = Cooper.app; sourceTree = BUILT_PRODUCTS_DIR; };
		EE396265159D343B0018B9EC /* UIKit.framework */ = {isa = PBXFileReference; lastKnownFileType = wrapper.framework; name = UIKit.framework; path = System/Library/Frameworks/UIKit.framework; sourceTree = SDKROOT; };
		EE396267159D343C0018B9EC /* Foundation.framework */ = {isa = PBXFileReference; lastKnownFileType = wrapper.framework; name = Foundation.framework; path = System/Library/Frameworks/Foundation.framework; sourceTree = SDKROOT; };
		EE396269159D343C0018B9EC /* CoreGraphics.framework */ = {isa = PBXFileReference; lastKnownFileType = wrapper.framework; name = CoreGraphics.framework; path = System/Library/Frameworks/CoreGraphics.framework; sourceTree = SDKROOT; };
		EE39626D159D343C0018B9EC /* Cooper-Info.plist */ = {isa = PBXFileReference; lastKnownFileType = text.plist.xml; path = "Cooper-Info.plist"; sourceTree = "<group>"; };
		EE39626F159D343C0018B9EC /* en */ = {isa = PBXFileReference; lastKnownFileType = text.plist.strings; name = en; path = en.lproj/InfoPlist.strings; sourceTree = "<group>"; };
		EE396271159D343C0018B9EC /* main.m */ = {isa = PBXFileReference; lastKnownFileType = sourcecode.c.objc; path = main.m; sourceTree = "<group>"; };
		EE396273159D343C0018B9EC /* Cooper-Prefix.pch */ = {isa = PBXFileReference; lastKnownFileType = sourcecode.c.h; path = "Cooper-Prefix.pch"; sourceTree = "<group>"; };
		EE87F79115A3F54C00DA8E7F /* ASIAuthenticationDialog.h */ = {isa = PBXFileReference; fileEncoding = 4; lastKnownFileType = sourcecode.c.h; path = ASIAuthenticationDialog.h; sourceTree = "<group>"; };
		EE87F79215A3F54C00DA8E7F /* ASIAuthenticationDialog.m */ = {isa = PBXFileReference; fileEncoding = 4; lastKnownFileType = sourcecode.c.objc; path = ASIAuthenticationDialog.m; sourceTree = "<group>"; };
		EE87F79315A3F54C00DA8E7F /* ASICacheDelegate.h */ = {isa = PBXFileReference; fileEncoding = 4; lastKnownFileType = sourcecode.c.h; path = ASICacheDelegate.h; sourceTree = "<group>"; };
		EE87F79415A3F54C00DA8E7F /* ASIDataCompressor.h */ = {isa = PBXFileReference; fileEncoding = 4; lastKnownFileType = sourcecode.c.h; path = ASIDataCompressor.h; sourceTree = "<group>"; };
		EE87F79515A3F54C00DA8E7F /* ASIDataCompressor.m */ = {isa = PBXFileReference; fileEncoding = 4; lastKnownFileType = sourcecode.c.objc; path = ASIDataCompressor.m; sourceTree = "<group>"; };
		EE87F79615A3F54C00DA8E7F /* ASIDataDecompressor.h */ = {isa = PBXFileReference; fileEncoding = 4; lastKnownFileType = sourcecode.c.h; path = ASIDataDecompressor.h; sourceTree = "<group>"; };
		EE87F79715A3F54C00DA8E7F /* ASIDataDecompressor.m */ = {isa = PBXFileReference; fileEncoding = 4; lastKnownFileType = sourcecode.c.objc; path = ASIDataDecompressor.m; sourceTree = "<group>"; };
		EE87F79815A3F54C00DA8E7F /* ASIDownloadCache+CacheExists.h */ = {isa = PBXFileReference; fileEncoding = 4; lastKnownFileType = sourcecode.c.h; path = "ASIDownloadCache+CacheExists.h"; sourceTree = "<group>"; };
		EE87F79915A3F54C00DA8E7F /* ASIDownloadCache+CacheExists.m */ = {isa = PBXFileReference; fileEncoding = 4; lastKnownFileType = sourcecode.c.objc; path = "ASIDownloadCache+CacheExists.m"; sourceTree = "<group>"; };
		EE87F79A15A3F54C00DA8E7F /* ASIDownloadCache.h */ = {isa = PBXFileReference; fileEncoding = 4; lastKnownFileType = sourcecode.c.h; path = ASIDownloadCache.h; sourceTree = "<group>"; };
		EE87F79B15A3F54C00DA8E7F /* ASIDownloadCache.m */ = {isa = PBXFileReference; fileEncoding = 4; lastKnownFileType = sourcecode.c.objc; path = ASIDownloadCache.m; sourceTree = "<group>"; };
		EE87F79C15A3F54C00DA8E7F /* ASIFormDataRequest.h */ = {isa = PBXFileReference; fileEncoding = 4; lastKnownFileType = sourcecode.c.h; path = ASIFormDataRequest.h; sourceTree = "<group>"; };
		EE87F79D15A3F54C00DA8E7F /* ASIFormDataRequest.m */ = {isa = PBXFileReference; fileEncoding = 4; lastKnownFileType = sourcecode.c.objc; path = ASIFormDataRequest.m; sourceTree = "<group>"; };
		EE87F79E15A3F54C00DA8E7F /* ASIHTTPRequest.h */ = {isa = PBXFileReference; fileEncoding = 4; lastKnownFileType = sourcecode.c.h; path = ASIHTTPRequest.h; sourceTree = "<group>"; };
		EE87F79F15A3F54C00DA8E7F /* ASIHTTPRequest.m */ = {isa = PBXFileReference; fileEncoding = 4; lastKnownFileType = sourcecode.c.objc; path = ASIHTTPRequest.m; sourceTree = "<group>"; };
		EE87F7A015A3F54C00DA8E7F /* ASIHTTPRequestConfig.h */ = {isa = PBXFileReference; fileEncoding = 4; lastKnownFileType = sourcecode.c.h; path = ASIHTTPRequestConfig.h; sourceTree = "<group>"; };
		EE87F7A115A3F54C00DA8E7F /* ASIHTTPRequestDelegate.h */ = {isa = PBXFileReference; fileEncoding = 4; lastKnownFileType = sourcecode.c.h; path = ASIHTTPRequestDelegate.h; sourceTree = "<group>"; };
		EE87F7A215A3F54C00DA8E7F /* ASIInputStream.h */ = {isa = PBXFileReference; fileEncoding = 4; lastKnownFileType = sourcecode.c.h; path = ASIInputStream.h; sourceTree = "<group>"; };
		EE87F7A315A3F54C00DA8E7F /* ASIInputStream.m */ = {isa = PBXFileReference; fileEncoding = 4; lastKnownFileType = sourcecode.c.objc; path = ASIInputStream.m; sourceTree = "<group>"; };
		EE87F7A415A3F54C00DA8E7F /* ASINetworkQueue.h */ = {isa = PBXFileReference; fileEncoding = 4; lastKnownFileType = sourcecode.c.h; path = ASINetworkQueue.h; sourceTree = "<group>"; };
		EE87F7A515A3F54C00DA8E7F /* ASINetworkQueue.m */ = {isa = PBXFileReference; fileEncoding = 4; lastKnownFileType = sourcecode.c.objc; path = ASINetworkQueue.m; sourceTree = "<group>"; };
		EE87F7A615A3F54C00DA8E7F /* ASIProgressDelegate.h */ = {isa = PBXFileReference; fileEncoding = 4; lastKnownFileType = sourcecode.c.h; path = ASIProgressDelegate.h; sourceTree = "<group>"; };
		EE87F7A715A3F54C00DA8E7F /* Reachability.h */ = {isa = PBXFileReference; fileEncoding = 4; lastKnownFileType = sourcecode.c.h; path = Reachability.h; sourceTree = "<group>"; };
		EE87F7A815A3F54C00DA8E7F /* Reachability.m */ = {isa = PBXFileReference; fileEncoding = 4; lastKnownFileType = sourcecode.c.objc; path = Reachability.m; sourceTree = "<group>"; };
		EE87F7B915A3FA4900DA8E7F /* CFNetwork.framework */ = {isa = PBXFileReference; lastKnownFileType = wrapper.framework; name = CFNetwork.framework; path = System/Library/Frameworks/CFNetwork.framework; sourceTree = SDKROOT; };
		EE87F7BB15A3FAE200DA8E7F /* SystemConfiguration.framework */ = {isa = PBXFileReference; lastKnownFileType = wrapper.framework; name = SystemConfiguration.framework; path = System/Library/Frameworks/SystemConfiguration.framework; sourceTree = SDKROOT; };
		EE87F7BD15A3FB0A00DA8E7F /* MobileCoreServices.framework */ = {isa = PBXFileReference; lastKnownFileType = wrapper.framework; name = MobileCoreServices.framework; path = System/Library/Frameworks/MobileCoreServices.framework; sourceTree = SDKROOT; };
		EE87F7BF15A3FB3C00DA8E7F /* libz.1.2.5.dylib */ = {isa = PBXFileReference; lastKnownFileType = "compiled.mach-o.dylib"; name = libz.1.2.5.dylib; path = usr/lib/libz.1.2.5.dylib; sourceTree = SDKROOT; };
		EECC9EB915A1414D0078DF9A /* CoreData.framework */ = {isa = PBXFileReference; lastKnownFileType = wrapper.framework; name = CoreData.framework; path = System/Library/Frameworks/CoreData.framework; sourceTree = SDKROOT; };
/* End PBXFileReference section */

/* Begin PBXFrameworksBuildPhase section */
		EE39625E159D343B0018B9EC /* Frameworks */ = {
			isa = PBXFrameworksBuildPhase;
			buildActionMask = 2147483647;
			files = (
				1835EFE715C10898004AF233 /* QuartzCore.framework in Frameworks */,
				EE87F7C015A3FB3D00DA8E7F /* libz.1.2.5.dylib in Frameworks */,
				EE87F7BE15A3FB0A00DA8E7F /* MobileCoreServices.framework in Frameworks */,
				EE87F7BC15A3FAE200DA8E7F /* SystemConfiguration.framework in Frameworks */,
				EE87F7BA15A3FA4A00DA8E7F /* CFNetwork.framework in Frameworks */,
				EECC9EBA15A1414D0078DF9A /* CoreData.framework in Frameworks */,
				EE396266159D343C0018B9EC /* UIKit.framework in Frameworks */,
				EE396268159D343C0018B9EC /* Foundation.framework in Frameworks */,
				EE39626A159D343C0018B9EC /* CoreGraphics.framework in Frameworks */,
			);
			runOnlyForDeploymentPostprocessing = 0;
		};
/* End PBXFrameworksBuildPhase section */

/* Begin PBXGroup section */
		1810152D15C04C0600D67C06 /* Cells */ = {
			isa = PBXGroup;
			children = (
				1810149415C0489900D67C06 /* CustomSwitchCell.xib */,
				1810149715C0489D00D67C06 /* CustomTextFieldCell.xib */,
				1810149815C0489D00D67C06 /* CustomTextViewCell.xib */,
				1810149D15C048A300D67C06 /* EndDateCell.h */,
				1810149E15C048A400D67C06 /* EndDateCell.m */,
				1810149F15C048A400D67C06 /* EndDateCell.xib */,
				181014A015C048A500D67C06 /* PickerInputTableViewCell.h */,
				181014A115C048A500D67C06 /* PickerInputTableViewCell.m */,
				181014A215C048AD00D67C06 /* PriorityPickerInputTableViewCell.h */,
				181014A315C048AE00D67C06 /* PriorityPickerInputTableViewCell.m */,
				181014A415C048AE00D67C06 /* SimplePickerInputTableViewCell.h */,
				181014A515C048AF00D67C06 /* SimplePickerInputTableViewCell.m */,
				181014A615C048B000D67C06 /* TaskTableViewCell.h */,
				181014A715C048B000D67C06 /* TaskTableViewCell.m */,
				181014A815C048B100D67C06 /* TaskViewCell.h */,
				181014A915C048B200D67C06 /* TaskViewCell.m */,
				181014AA15C048B200D67C06 /* TaskViewCell.xib */,
			);
			name = Cells;
			sourceTree = "<group>";
		};
		1872E82415C2676000A8EA41 /* TasklistViewController */ = {
			isa = PBXGroup;
			children = (
				1872E82515C26B6000A8EA41 /* TasklistViewController.h */,
				1872E82615C26B6000A8EA41 /* TasklistViewController.m */,
				18FDFBAA15C531310000E9EB /* TasklistEditController.h */,
				18FDFBAB15C531310000E9EB /* TasklistEditController.m */,
			);
			name = TasklistViewController;
			sourceTree = "<group>";
		};
		1881ECD915BF8A4E00B47A7A /* Category */ = {
			isa = PBXGroup;
			children = (
				181014AB15C048B300D67C06 /* UIImage+Scale.h */,
				181014AC15C048B400D67C06 /* UIImage+Scale.m */,
			);
			name = Category;
			sourceTree = "<group>";
		};
		8C0C2F2015AE7AAF00283579 /* SBJSON */ = {
			isa = PBXGroup;
			children = (
				8C0C2F2115AE7AAF00283579 /* JSON.h */,
				8C0C2F2215AE7AAF00283579 /* LICENSE */,
				8C0C2F2315AE7AAF00283579 /* NSObject+SBJSON.h */,
				8C0C2F2415AE7AAF00283579 /* NSObject+SBJSON.m */,
				8C0C2F2515AE7AAF00283579 /* NSString+SBJSON.h */,
				8C0C2F2615AE7AAF00283579 /* NSString+SBJSON.m */,
				8C0C2F2715AE7AAF00283579 /* SBJSON-Prefix.pch */,
				8C0C2F2815AE7AAF00283579 /* SBJsonBase.h */,
				8C0C2F2915AE7AAF00283579 /* SBJsonBase.m */,
				8C0C2F2A15AE7AAF00283579 /* SBJsonParser.h */,
				8C0C2F2B15AE7AAF00283579 /* SBJsonParser.m */,
				8C0C2F2C15AE7AAF00283579 /* SBJsonWriter.h */,
				8C0C2F2D15AE7AAF00283579 /* SBJsonWriter.m */,
			);
			path = SBJSON;
			sourceTree = "<group>";
		};
		EE34428615A6D9E600342EA1 /* Dao */ = {
			isa = PBXGroup;
			children = (
				188B4F8A15C440E700031A2A /* TaskDao.h */,
				188B4F8815C440E700031A2A /* RootDao.h */,
				188B4F8915C440E700031A2A /* RootDao.m */,
				188B4F8B15C440E700031A2A /* TaskDao.m */,
				188B4F8C15C440E700031A2A /* TaskIdxDao.h */,
				188B4F8D15C440E700031A2A /* TaskIdxDao.m */,
				188B4F8E15C440E700031A2A /* TasklistDao.h */,
				188B4F8F15C440E700031A2A /* TasklistDao.m */,
				18D3DC8415C39DD800A276F7 /* ChangeLogDao.h */,
				18D3DC8515C39DD800A276F7 /* ChangeLogDao.m */,
			);
			name = Dao;
			sourceTree = "<group>";
		};
		EE396256159D34380018B9EC = {
			isa = PBXGroup;
			children = (
				EE87F78C15A3F50100DA8E7F /* Sources */,
				EE39626B159D343C0018B9EC /* Cooper */,
				EE396264159D343B0018B9EC /* Frameworks */,
				EE396262159D343B0018B9EC /* Products */,
			);
			sourceTree = "<group>";
		};
		EE396262159D343B0018B9EC /* Products */ = {
			isa = PBXGroup;
			children = (
				EE396261159D343B0018B9EC /* Cooper.app */,
			);
			name = Products;
			sourceTree = "<group>";
		};
		EE396264159D343B0018B9EC /* Frameworks */ = {
			isa = PBXGroup;
			children = (
				1835EFE615C10898004AF233 /* QuartzCore.framework */,
				EE87F7BF15A3FB3C00DA8E7F /* libz.1.2.5.dylib */,
				EE87F7BD15A3FB0A00DA8E7F /* MobileCoreServices.framework */,
				EE87F7BB15A3FAE200DA8E7F /* SystemConfiguration.framework */,
				EE87F7B915A3FA4900DA8E7F /* CFNetwork.framework */,
				EECC9EB915A1414D0078DF9A /* CoreData.framework */,
				EE396265159D343B0018B9EC /* UIKit.framework */,
				EE396267159D343C0018B9EC /* Foundation.framework */,
				EE396269159D343C0018B9EC /* CoreGraphics.framework */,
			);
			name = Frameworks;
			sourceTree = "<group>";
		};
		EE39626B159D343C0018B9EC /* Cooper */ = {
			isa = PBXGroup;
			children = (
				EE3962A7159D48D80018B9EC /* Controls */,
				EEF30E8315A556FF00506A79 /* Application */,
				EE87F7B415A3F5D000DA8E7F /* Util */,
				EE396297159D38D80018B9EC /* Models */,
				EE396290159D34B30018B9EC /* ViewControllers */,
				EE39626C159D343C0018B9EC /* Supporting Files */,
			);
			path = Cooper;
			sourceTree = "<group>";
		};
		EE39626C159D343C0018B9EC /* Supporting Files */ = {
			isa = PBXGroup;
			children = (
				EE39626D159D343C0018B9EC /* Cooper-Info.plist */,
				EE39626E159D343C0018B9EC /* InfoPlist.strings */,
				EE396271159D343C0018B9EC /* main.m */,
				EE396273159D343C0018B9EC /* Cooper-Prefix.pch */,
				18E2974715BCE99400DCED79 /* Config.plist */,
			);
			name = "Supporting Files";
			sourceTree = "<group>";
		};
		EE396290159D34B30018B9EC /* ViewControllers */ = {
			isa = PBXGroup;
			children = (
				1872E82415C2676000A8EA41 /* TasklistViewController */,
				EEF30E8215A556DB00506A79 /* SettingViewController */,
				EEF30E5815A533CD00506A79 /* CommentViewController */,
				EE87F7D215A40C2900DA8E7F /* MainViewController */,
				EE87F7CC15A40A1E00DA8E7F /* LoginViewController */,
				EE87F77E15A3211600DA8E7F /* PriorityViewController */,
				EE39629B159D46770018B9EC /* DetailViewController */,
				EE396291159D34DA0018B9EC /* TaskViewController */,
				1872E81D15C265CB00A8EA41 /* BaseViewController.h */,
				1872E81E15C265CB00A8EA41 /* BaseViewController.m */,
				1872E82115C2667B00A8EA41 /* BaseTableViewController.h */,
				1872E82215C2667B00A8EA41 /* BaseTableViewController.m */,
				1872E82815C2703500A8EA41 /* BaseNavigationController.h */,
				1872E82915C2703500A8EA41 /* BaseNavigationController.m */,
			);
			name = ViewControllers;
			sourceTree = "<group>";
		};
		EE396291159D34DA0018B9EC /* TaskViewController */ = {
			isa = PBXGroup;
			children = (
				1810152715C04BC000D67C06 /* TaskViewController.h */,
				1810152815C04BC100D67C06 /* TaskViewController.m */,
				1810152915C04BC100D67C06 /* TaskViewController.xib */,
				1810152A15C04BC100D67C06 /* TaskViewDelegate.h */,
			);
			name = TaskViewController;
			sourceTree = "<group>";
		};
		EE396297159D38D80018B9EC /* Models */ = {
			isa = PBXGroup;
			children = (
				18A3D48115C50DBB002C8C0E /* ChangeLog.h */,
				18A3D48215C50DBB002C8C0E /* ChangeLog.m */,
				18B99F2B15C3C67000B219E3 /* TaskModel.xcdatamodeld */,
				18A3D47B15C50D85002C8C0E /* Tasklist.h */,
				18A3D47C15C50D85002C8C0E /* Tasklist.m */,
				18A3D47815C50D85002C8C0E /* TaskIdx.h */,
				18A3D47915C50D85002C8C0E /* TaskIdx.m */,
				18A3D47415C50D85002C8C0E /* Task.h */,
				18A3D47515C50D85002C8C0E /* Task.m */,
				EE34428615A6D9E600342EA1 /* Dao */,
			);
			name = Models;
			sourceTree = "<group>";
		};
		EE39629B159D46770018B9EC /* DetailViewController */ = {
			isa = PBXGroup;
			children = (
				1810152215C04BAF00D67C06 /* TaskDetailViewController.h */,
				1810152315C04BAF00D67C06 /* TaskDetailViewController.m */,
				1835EFD515C0CF99004AF233 /* TaskDetailEditViewController.h */,
				1835EFD615C0CF99004AF233 /* TaskDetailEditViewController.m */,
			);
			name = DetailViewController;
			sourceTree = "<group>";
		};
		EE3962A7159D48D80018B9EC /* Controls */ = {
			isa = PBXGroup;
			children = (
				1810152D15C04C0600D67C06 /* Cells */,
				1810149015C0489400D67C06 /* CustomButton.h */,
				1810149115C0489500D67C06 /* CustomButton.m */,
				1810149215C0489600D67C06 /* CustomerTabBarController.h */,
				1810149315C0489700D67C06 /* CustomerTabBarController.m */,
				1810149515C0489A00D67C06 /* CustomTabBarController.h */,
				1810149615C0489C00D67C06 /* CustomTabBarController.m */,
				1810149915C0489E00D67C06 /* CustomToolbar.h */,
				1810149A15C048A100D67C06 /* CustomToolbar.m */,
				1810149B15C048A200D67C06 /* DomainLabel.h */,
				1810149C15C048A200D67C06 /* DomainLabel.m */,
				1881ECD915BF8A4E00B47A7A /* Category */,
				1886CCA315C06482002346A1 /* DateLabel.h */,
				1886CCA415C06482002346A1 /* DateLabel.m */,
				1886CCA915C0733B002346A1 /* PriorityButton.h */,
				1886CCAA15C0733B002346A1 /* PriorityButton.m */,
				1835EFED15C1130B004AF233 /* CommentTextField.h */,
				1835EFEE15C1130B004AF233 /* CommentTextField.m */,
			);
			name = Controls;
			sourceTree = "<group>";
		};
		EE87F77E15A3211600DA8E7F /* PriorityViewController */ = {
			isa = PBXGroup;
			children = (
				1810151A15C04B9A00D67C06 /* PriorityViewController.h */,
				1810151B15C04B9A00D67C06 /* PriorityViewController.m */,
				1810151C15C04B9A00D67C06 /* PriorityViewController.xib */,
			);
			name = PriorityViewController;
			sourceTree = "<group>";
		};
		EE87F78C15A3F50100DA8E7F /* Sources */ = {
			isa = PBXGroup;
			children = (
				8C0C2F2015AE7AAF00283579 /* SBJSON */,
				EEF30E6515A5569100506A79 /* Images */,
				EE87F79015A3F54C00DA8E7F /* ASIHTTP */,
			);
			name = Sources;
			sourceTree = "<group>";
		};
		EE87F79015A3F54C00DA8E7F /* ASIHTTP */ = {
			isa = PBXGroup;
			children = (
				EE87F79115A3F54C00DA8E7F /* ASIAuthenticationDialog.h */,
				EE87F79215A3F54C00DA8E7F /* ASIAuthenticationDialog.m */,
				EE87F79315A3F54C00DA8E7F /* ASICacheDelegate.h */,
				EE87F79415A3F54C00DA8E7F /* ASIDataCompressor.h */,
				EE87F79515A3F54C00DA8E7F /* ASIDataCompressor.m */,
				EE87F79615A3F54C00DA8E7F /* ASIDataDecompressor.h */,
				EE87F79715A3F54C00DA8E7F /* ASIDataDecompressor.m */,
				EE87F79815A3F54C00DA8E7F /* ASIDownloadCache+CacheExists.h */,
				EE87F79915A3F54C00DA8E7F /* ASIDownloadCache+CacheExists.m */,
				EE87F79A15A3F54C00DA8E7F /* ASIDownloadCache.h */,
				EE87F79B15A3F54C00DA8E7F /* ASIDownloadCache.m */,
				EE87F79C15A3F54C00DA8E7F /* ASIFormDataRequest.h */,
				EE87F79D15A3F54C00DA8E7F /* ASIFormDataRequest.m */,
				EE87F79E15A3F54C00DA8E7F /* ASIHTTPRequest.h */,
				EE87F79F15A3F54C00DA8E7F /* ASIHTTPRequest.m */,
				EE87F7A015A3F54C00DA8E7F /* ASIHTTPRequestConfig.h */,
				EE87F7A115A3F54C00DA8E7F /* ASIHTTPRequestDelegate.h */,
				EE87F7A215A3F54C00DA8E7F /* ASIInputStream.h */,
				EE87F7A315A3F54C00DA8E7F /* ASIInputStream.m */,
				EE87F7A415A3F54C00DA8E7F /* ASINetworkQueue.h */,
				EE87F7A515A3F54C00DA8E7F /* ASINetworkQueue.m */,
				EE87F7A615A3F54C00DA8E7F /* ASIProgressDelegate.h */,
				EE87F7A715A3F54C00DA8E7F /* Reachability.h */,
				EE87F7A815A3F54C00DA8E7F /* Reachability.m */,
			);
			path = ASIHTTP;
			sourceTree = "<group>";
		};
		EE87F7B415A3F5D000DA8E7F /* Util */ = {
			isa = PBXGroup;
			children = (
				181014DC15C04A3D00D67C06 /* ModelHelper.h */,
				181014DD15C04A3D00D67C06 /* ModelHelper.m */,
				181014DE15C04A3D00D67C06 /* NSString+decode.h */,
				181014DF15C04A3D00D67C06 /* NSString+decode.m */,
				181014E015C04A3D00D67C06 /* Tools.h */,
				181014E115C04A3D00D67C06 /* Tools.m */,
				181014D015C04A1000D67C06 /* MBProgressHUD.h */,
				181014D115C04A1000D67C06 /* MBProgressHUD.m */,
				EEF30E3C15A42D0900506A79 /* AESEncrypt */,
				EEF30E3415A42B3D00506A79 /* Request */,
				EE87F7C115A3FBF900DA8E7F /* Constant */,
				18409FAA15C199D700639DEE /* Test.h */,
				18409FAB15C199D700639DEE /* Test.m */,
			);
			name = Util;
			sourceTree = "<group>";
		};
		EE87F7C115A3FBF900DA8E7F /* Constant */ = {
			isa = PBXGroup;
			children = (
				181014D315C04A2C00D67C06 /* Cache.h */,
				181014D415C04A2C00D67C06 /* Cache.m */,
				181014D515C04A2C00D67C06 /* Constant.h */,
				181014D615C04A2C00D67C06 /* Constant.m */,
				181014D715C04A2C00D67C06 /* SysConfig.h */,
				181014D815C04A2C00D67C06 /* SysConfig.m */,
			);
			name = Constant;
			sourceTree = "<group>";
		};
		EE87F7CC15A40A1E00DA8E7F /* LoginViewController */ = {
			isa = PBXGroup;
			children = (
				1810151415C04B8700D67C06 /* LoginViewController.h */,
				1810151515C04B8700D67C06 /* LoginViewController.m */,
				1810151615C04B8800D67C06 /* LoginViewController.xib */,
				1810151715C04B8800D67C06 /* LoginViewDelegate.h */,
			);
			name = LoginViewController;
			sourceTree = "<group>";
		};
		EE87F7D215A40C2900DA8E7F /* MainViewController */ = {
			isa = PBXGroup;
			children = (
				1810151115C04B7B00D67C06 /* MainViewController.h */,
				1810151215C04B7B00D67C06 /* MainViewController.m */,
			);
			name = MainViewController;
			sourceTree = "<group>";
		};
		EEF30E3415A42B3D00506A79 /* Request */ = {
			isa = PBXGroup;
			children = (
				181014C715C049F800D67C06 /* AccountService.h */,
				181014C815C049F800D67C06 /* AccountService.m */,
				181014C915C049F800D67C06 /* NetworkManager.h */,
				181014CA15C049F800D67C06 /* NetworkManager.m */,
				181014CC15C049F800D67C06 /* TaskService.m */,
				181014CB15C049F800D67C06 /* TaskService.h */,
				1872E82B15C274E400A8EA41 /* TasklistService.h */,
				1872E82C15C274E400A8EA41 /* TasklistService.m */,
			);
			name = Request;
			sourceTree = "<group>";
		};
		EEF30E3C15A42D0900506A79 /* AESEncrypt */ = {
			isa = PBXGroup;
			children = (
				181014C115C049E200D67C06 /* AES.h */,
				181014C215C049E200D67C06 /* AES.m */,
				181014C315C049E200D67C06 /* AESEncrypt.h */,
				181014C415C049E200D67C06 /* AESEncrypt.m */,
			);
			name = AESEncrypt;
			sourceTree = "<group>";
		};
		EEF30E5815A533CD00506A79 /* CommentViewController */ = {
			isa = PBXGroup;
			children = (
				1810150C15C04B6D00D67C06 /* CommentViewController.h */,
				1810150D15C04B6D00D67C06 /* CommentViewController.m */,
				1810150E15C04B6D00D67C06 /* CommentViewController.xib */,
			);
			name = CommentViewController;
			sourceTree = "<group>";
		};
		EEF30E6515A5569100506A79 /* Images */ = {
			isa = PBXGroup;
			children = (
				18409FA115C196BD00639DEE /* bg-line.png */,
				18409FA215C196BD00639DEE /* complete-small.png */,
				18409FA315C196BD00639DEE /* incomplete-small.png */,
				18409FA415C196BD00639DEE /* setting-small.png */,
				1835EFE015C0E93C004AF233 /* arowright.png */,
				1835EFCE15C0CA59004AF233 /* incomplete.png */,
				1835EFCF15C0CA59004AF233 /* refresh.png */,
				1835EFD015C0CA59004AF233 /* tasklist.png */,
				1886CCA715C06C2B002346A1 /* btn_bg_gray.png */,
				18FAC25915BFAF50003F56B2 /* navigationbar_bg.png */,
				18FAC25415BFA143003F56B2 /* btn_bg_green.png */,
				18FAC24C15BF980D003F56B2 /* edit.png */,
				1881ECD715BF7E0200B47A7A /* back.png */,
				1881ECD515BF7B3000B47A7A /* btn_center.png */,
				1881ECD315BF7ABD00B47A7A /* logo.png */,
				1881ECC415BF731C00B47A7A /* add.png */,
				1881ECC515BF731C00B47A7A /* list.png */,
				1881ECC615BF731C00B47A7A /* sync.png */,
				1881ECC215BF22A400B47A7A /* tabbar_selectedbg.png */,
				1881ECA915BEFD5400B47A7A /* complete.png */,
				1881ECAA15BEFD5400B47A7A /* setting.png */,
				1881ECAB15BEFD5400B47A7A /* uncomplete.png */,
				1881ECA715BEFC5B00B47A7A /* task.png */,
				1881EC9D15BEF18400B47A7A /* btn_bg.png */,
				1881EC9915BEEAC600B47A7A /* tabbar_bg.png */,
				1884DB2F15BDCF1300A0B562 /* Default.png */,
				1884DB3015BDCF1300A0B562 /* Default~ipad.png */,
				1884DB2B15BDCEB700A0B562 /* icon.png */,
				1884DB2C15BDCEB700A0B562 /* icon@2x.png */,
				1884DB2815BDBE9D00A0B562 /* sectionTitlebg.png */,
				18E2975915BD151800DCED79 /* loginbtn.png */,
				18E2975715BD12F500DCED79 /* cooper.png */,
			);
			path = Images;
			sourceTree = "<group>";
		};
		EEF30E8215A556DB00506A79 /* SettingViewController */ = {
			isa = PBXGroup;
			children = (
				181014FD15C04B5800D67C06 /* AccountViewController.h */,
				181014FE15C04B5800D67C06 /* AccountViewController.m */,
				181014FF15C04B5900D67C06 /* AccountViewController.xib */,
				1810150015C04B5900D67C06 /* PathViewController.h */,
				1810150115C04B5900D67C06 /* PathViewController.m */,
				1810150215C04B5A00D67C06 /* PathViewController.xib */,
				1810150315C04B5A00D67C06 /* SettingViewController.h */,
				1810150415C04B5A00D67C06 /* SettingViewController.m */,
				1810150515C04B5B00D67C06 /* SettingViewController.xib */,
				18A41EB715C5B8E300D49298 /* NoticeViewController.h */,
				18A41EB815C5B8E300D49298 /* NoticeViewController.m */,
			);
			name = SettingViewController;
			sourceTree = "<group>";
		};
		EEF30E8315A556FF00506A79 /* Application */ = {
			isa = PBXGroup;
			children = (
				181014BE15C0492900D67C06 /* AppDelegate.h */,
				181014BF15C0492900D67C06 /* AppDelegate.m */,
			);
			name = Application;
			sourceTree = "<group>";
		};
/* End PBXGroup section */

/* Begin PBXNativeTarget section */
		EE396260159D343B0018B9EC /* Cooper */ = {
			isa = PBXNativeTarget;
			buildConfigurationList = EE39628D159D343C0018B9EC /* Build configuration list for PBXNativeTarget "Cooper" */;
			buildPhases = (
				EE39625D159D343B0018B9EC /* Sources */,
				EE39625E159D343B0018B9EC /* Frameworks */,
				EE39625F159D343B0018B9EC /* Resources */,
				8CF1DE1615AFBD76004D7648 /* ShellScript */,
			);
			buildRules = (
			);
			dependencies = (
			);
			name = Cooper;
			productName = Cooper;
			productReference = EE396261159D343B0018B9EC /* Cooper.app */;
			productType = "com.apple.product-type.application";
		};
/* End PBXNativeTarget section */

/* Begin PBXProject section */
		EE396258159D34380018B9EC /* Project object */ = {
			isa = PBXProject;
			attributes = {
				LastUpgradeCheck = 0430;
				ORGANIZATIONNAME = Alibaba;
			};
			buildConfigurationList = EE39625B159D34380018B9EC /* Build configuration list for PBXProject "Cooper" */;
			compatibilityVersion = "Xcode 3.2";
			developmentRegion = English;
			hasScannedForEncodings = 0;
			knownRegions = (
				en,
			);
			mainGroup = EE396256159D34380018B9EC;
			productRefGroup = EE396262159D343B0018B9EC /* Products */;
			projectDirPath = "";
			projectRoot = "";
			targets = (
				EE396260159D343B0018B9EC /* Cooper */,
			);
		};
/* End PBXProject section */

/* Begin PBXResourcesBuildPhase section */
		EE39625F159D343B0018B9EC /* Resources */ = {
			isa = PBXResourcesBuildPhase;
			buildActionMask = 2147483647;
			files = (
				EE396270159D343C0018B9EC /* InfoPlist.strings in Resources */,
				8C0C2F2E15AE7AAF00283579 /* LICENSE in Resources */,
				18E2974815BCE99400DCED79 /* Config.plist in Resources */,
				18E2975815BD12F500DCED79 /* cooper.png in Resources */,
				18E2975A15BD151800DCED79 /* loginbtn.png in Resources */,
				1884DB2915BDBE9D00A0B562 /* sectionTitlebg.png in Resources */,
				1884DB2D15BDCEB700A0B562 /* icon.png in Resources */,
				1884DB2E15BDCEB700A0B562 /* icon@2x.png in Resources */,
				1884DB3115BDCF1300A0B562 /* Default.png in Resources */,
				1884DB3215BDCF1300A0B562 /* Default~ipad.png in Resources */,
				1881EC9A15BEEAC600B47A7A /* tabbar_bg.png in Resources */,
				1881EC9E15BEF18400B47A7A /* btn_bg.png in Resources */,
				1881ECA815BEFC5B00B47A7A /* task.png in Resources */,
				1881ECAC15BEFD5400B47A7A /* complete.png in Resources */,
				1881ECAD15BEFD5400B47A7A /* setting.png in Resources */,
				1881ECAE15BEFD5400B47A7A /* uncomplete.png in Resources */,
				1881ECC315BF22A400B47A7A /* tabbar_selectedbg.png in Resources */,
				1881ECC715BF731D00B47A7A /* add.png in Resources */,
				1881ECC815BF731D00B47A7A /* list.png in Resources */,
				1881ECC915BF731D00B47A7A /* sync.png in Resources */,
				1881ECD415BF7ABD00B47A7A /* logo.png in Resources */,
				1881ECD615BF7B3000B47A7A /* btn_center.png in Resources */,
				1881ECD815BF7E0300B47A7A /* back.png in Resources */,
				18FAC24E15BF980D003F56B2 /* edit.png in Resources */,
				18FAC25515BFA143003F56B2 /* btn_bg_green.png in Resources */,
				18FAC25A15BFAF50003F56B2 /* navigationbar_bg.png in Resources */,
				181014AF15C048B500D67C06 /* CustomSwitchCell.xib in Resources */,
				181014B115C048B500D67C06 /* CustomTextFieldCell.xib in Resources */,
				181014B215C048B500D67C06 /* CustomTextViewCell.xib in Resources */,
				181014B615C048B500D67C06 /* EndDateCell.xib in Resources */,
				181014BC15C048B500D67C06 /* TaskViewCell.xib in Resources */,
				1810150715C04B5B00D67C06 /* AccountViewController.xib in Resources */,
				1810150915C04B5B00D67C06 /* PathViewController.xib in Resources */,
				1810150B15C04B5B00D67C06 /* SettingViewController.xib in Resources */,
				1810151015C04B6D00D67C06 /* CommentViewController.xib in Resources */,
				1810151915C04B8800D67C06 /* LoginViewController.xib in Resources */,
				1810151E15C04B9A00D67C06 /* PriorityViewController.xib in Resources */,
				1810152C15C04BC100D67C06 /* TaskViewController.xib in Resources */,
				1886CCA815C06C2B002346A1 /* btn_bg_gray.png in Resources */,
				1835EFD115C0CA59004AF233 /* incomplete.png in Resources */,
				1835EFD215C0CA59004AF233 /* refresh.png in Resources */,
				1835EFD315C0CA59004AF233 /* tasklist.png in Resources */,
				1835EFE115C0E93C004AF233 /* arowright.png in Resources */,
				18409FA515C196BD00639DEE /* bg-line.png in Resources */,
				18409FA615C196BD00639DEE /* complete-small.png in Resources */,
				18409FA715C196BD00639DEE /* incomplete-small.png in Resources */,
				18409FA815C196BD00639DEE /* setting-small.png in Resources */,
			);
			runOnlyForDeploymentPostprocessing = 0;
		};
/* End PBXResourcesBuildPhase section */

/* Begin PBXShellScriptBuildPhase section */
		8CF1DE1615AFBD76004D7648 /* ShellScript */ = {
			isa = PBXShellScriptBuildPhase;
			buildActionMask = 2147483647;
			files = (
			);
			inputPaths = (
			);
			outputPaths = (
			);
			runOnlyForDeploymentPostprocessing = 0;
			shellPath = /bin/sh;
			shellScript = "export CODESIGN_ALLOCATE=/Applications/Xcode.app/Contents/Developer/Platforms/iPhoneOS.platform/Developer/usr/bin/codesign_allocate\nif [ \"${PLATFORM_NAME}\" == \"iphoneos\" ] || [ \"${PLATFORM_NAME}\" == \"ipados\" ]; then\n/Applications/Xcode.app/Contents/Developer/iphoneentitlements/gen_entitlements.py \"my.company.${PROJECT_NAME}\" \"${BUILT_PRODUCTS_DIR}/${WRAPPER_NAME}/${PROJECT_NAME}.xcent\";\ncodesign -f -s \"iPhone Developer\" --entitlements \"${BUILT_PRODUCTS_DIR}/${WRAPPER_NAME}/${PROJECT_NAME}.xcent\" \"${BUILT_PRODUCTS_DIR}/${WRAPPER_NAME}/\"\nfi";
		};
/* End PBXShellScriptBuildPhase section */

/* Begin PBXSourcesBuildPhase section */
		EE39625D159D343B0018B9EC /* Sources */ = {
			isa = PBXSourcesBuildPhase;
			buildActionMask = 2147483647;
			files = (
				EE396272159D343C0018B9EC /* main.m in Sources */,
				EE87F7A915A3F54C00DA8E7F /* ASIAuthenticationDialog.m in Sources */,
				EE87F7AA15A3F54C00DA8E7F /* ASIDataCompressor.m in Sources */,
				EE87F7AB15A3F54C00DA8E7F /* ASIDataDecompressor.m in Sources */,
				EE87F7AC15A3F54C00DA8E7F /* ASIDownloadCache+CacheExists.m in Sources */,
				EE87F7AD15A3F54C00DA8E7F /* ASIDownloadCache.m in Sources */,
				EE87F7AE15A3F54C00DA8E7F /* ASIFormDataRequest.m in Sources */,
				EE87F7AF15A3F54C00DA8E7F /* ASIHTTPRequest.m in Sources */,
				EE87F7B015A3F54C00DA8E7F /* ASIInputStream.m in Sources */,
				EE87F7B115A3F54C00DA8E7F /* ASINetworkQueue.m in Sources */,
				EE87F7B215A3F54C00DA8E7F /* Reachability.m in Sources */,
				8C0C2F2F15AE7AAF00283579 /* NSObject+SBJSON.m in Sources */,
				8C0C2F3015AE7AAF00283579 /* NSString+SBJSON.m in Sources */,
				8C0C2F3115AE7AAF00283579 /* SBJsonBase.m in Sources */,
				8C0C2F3215AE7AAF00283579 /* SBJsonParser.m in Sources */,
				8C0C2F3315AE7AAF00283579 /* SBJsonWriter.m in Sources */,
				181014AD15C048B500D67C06 /* CustomButton.m in Sources */,
				181014AE15C048B500D67C06 /* CustomerTabBarController.m in Sources */,
				181014B015C048B500D67C06 /* CustomTabBarController.m in Sources */,
				181014B315C048B500D67C06 /* CustomToolbar.m in Sources */,
				181014B415C048B500D67C06 /* DomainLabel.m in Sources */,
				181014B515C048B500D67C06 /* EndDateCell.m in Sources */,
				181014B715C048B500D67C06 /* PickerInputTableViewCell.m in Sources */,
				181014B815C048B500D67C06 /* PriorityPickerInputTableViewCell.m in Sources */,
				181014B915C048B500D67C06 /* SimplePickerInputTableViewCell.m in Sources */,
				181014BA15C048B500D67C06 /* TaskTableViewCell.m in Sources */,
				181014BB15C048B500D67C06 /* TaskViewCell.m in Sources */,
				181014BD15C048B500D67C06 /* UIImage+Scale.m in Sources */,
				181014C015C0492900D67C06 /* AppDelegate.m in Sources */,
				181014C515C049E200D67C06 /* AES.m in Sources */,
				181014C615C049E200D67C06 /* AESEncrypt.m in Sources */,
				181014CD15C049F800D67C06 /* AccountService.m in Sources */,
				181014CE15C049F800D67C06 /* NetworkManager.m in Sources */,
				181014CF15C049F800D67C06 /* TaskService.m in Sources */,
				181014D215C04A1000D67C06 /* MBProgressHUD.m in Sources */,
				181014D915C04A2C00D67C06 /* Cache.m in Sources */,
				181014DA15C04A2C00D67C06 /* Constant.m in Sources */,
				181014DB15C04A2C00D67C06 /* SysConfig.m in Sources */,
				181014E215C04A3D00D67C06 /* ModelHelper.m in Sources */,
				181014E315C04A3D00D67C06 /* NSString+decode.m in Sources */,
				181014E415C04A3D00D67C06 /* Tools.m in Sources */,
				1810150615C04B5B00D67C06 /* AccountViewController.m in Sources */,
				1810150815C04B5B00D67C06 /* PathViewController.m in Sources */,
				1810150A15C04B5B00D67C06 /* SettingViewController.m in Sources */,
				1810150F15C04B6D00D67C06 /* CommentViewController.m in Sources */,
				1810151315C04B7B00D67C06 /* MainViewController.m in Sources */,
				1810151815C04B8800D67C06 /* LoginViewController.m in Sources */,
				1810151D15C04B9A00D67C06 /* PriorityViewController.m in Sources */,
				1810152615C04BAF00D67C06 /* TaskDetailViewController.m in Sources */,
				1810152B15C04BC100D67C06 /* TaskViewController.m in Sources */,
				1886CCA515C06482002346A1 /* DateLabel.m in Sources */,
				1886CCAB15C0733B002346A1 /* PriorityButton.m in Sources */,
				1835EFD715C0CF99004AF233 /* TaskDetailEditViewController.m in Sources */,
				1835EFEF15C1130B004AF233 /* CommentTextField.m in Sources */,
				18409FAC15C199D700639DEE /* Test.m in Sources */,
				1872E81F15C265CB00A8EA41 /* BaseViewController.m in Sources */,
				1872E82315C2667B00A8EA41 /* BaseTableViewController.m in Sources */,
				1872E82715C26B6000A8EA41 /* TasklistViewController.m in Sources */,
				1872E82A15C2703600A8EA41 /* BaseNavigationController.m in Sources */,
				1872E82D15C274E400A8EA41 /* TasklistService.m in Sources */,
				18D3DC8C15C39DD800A276F7 /* ChangeLogDao.m in Sources */,
				18B99F2D15C3C67000B219E3 /* TaskModel.xcdatamodeld in Sources */,
				188B4F9015C440E700031A2A /* RootDao.m in Sources */,
				188B4F9115C440E700031A2A /* TaskDao.m in Sources */,
				188B4F9215C440E700031A2A /* TaskIdxDao.m in Sources */,
				188B4F9315C440E700031A2A /* TasklistDao.m in Sources */,
				18A3D47615C50D85002C8C0E /* Task.m in Sources */,
				18A3D47A15C50D85002C8C0E /* TaskIdx.m in Sources */,
				18A3D47D15C50D85002C8C0E /* Tasklist.m in Sources */,
				18A3D48315C50DBB002C8C0E /* ChangeLog.m in Sources */,
				18FDFBAC15C531310000E9EB /* TasklistEditController.m in Sources */,
				18A41EB915C5B8E300D49298 /* NoticeViewController.m in Sources */,
			);
			runOnlyForDeploymentPostprocessing = 0;
		};
/* End PBXSourcesBuildPhase section */

/* Begin PBXVariantGroup section */
		EE39626E159D343C0018B9EC /* InfoPlist.strings */ = {
			isa = PBXVariantGroup;
			children = (
				EE39626F159D343C0018B9EC /* en */,
			);
			name = InfoPlist.strings;
			sourceTree = "<group>";
		};
/* End PBXVariantGroup section */

/* Begin XCBuildConfiguration section */
		EE39628B159D343C0018B9EC /* Debug */ = {
			isa = XCBuildConfiguration;
			buildSettings = {
				ALWAYS_SEARCH_USER_PATHS = NO;
				ARCHS = "$(ARCHS_STANDARD_32_BIT)";
				"CODE_SIGN_IDENTITY[sdk=iphoneos*]" = "iPhone Developer";
				COPY_PHASE_STRIP = NO;
				GCC_C_LANGUAGE_STANDARD = gnu99;
				GCC_DYNAMIC_NO_PIC = NO;
				GCC_OPTIMIZATION_LEVEL = 0;
				GCC_PREPROCESSOR_DEFINITIONS = (
					"DEBUG=1",
					"$(inherited)",
				);
				GCC_SYMBOLS_PRIVATE_EXTERN = NO;
				GCC_VERSION = com.apple.compilers.llvm.clang.1_0;
				GCC_WARN_ABOUT_RETURN_TYPE = YES;
				GCC_WARN_UNINITIALIZED_AUTOS = YES;
				GCC_WARN_UNUSED_VARIABLE = YES;
				IPHONEOS_DEPLOYMENT_TARGET = 4.0;
				SDKROOT = iphoneos;
			};
			name = Debug;
		};
		EE39628C159D343C0018B9EC /* Release */ = {
			isa = XCBuildConfiguration;
			buildSettings = {
				ALWAYS_SEARCH_USER_PATHS = NO;
				ARCHS = "$(ARCHS_STANDARD_32_BIT)";
				"CODE_SIGN_IDENTITY[sdk=iphoneos*]" = "iPhone Distribution";
				COPY_PHASE_STRIP = YES;
				GCC_C_LANGUAGE_STANDARD = gnu99;
				GCC_VERSION = com.apple.compilers.llvm.clang.1_0;
				GCC_WARN_ABOUT_RETURN_TYPE = YES;
				GCC_WARN_UNINITIALIZED_AUTOS = YES;
				GCC_WARN_UNUSED_VARIABLE = YES;
				IPHONEOS_DEPLOYMENT_TARGET = 4.0;
				OTHER_CFLAGS = "-DNS_BLOCK_ASSERTIONS=1";
				"PROVISIONING_PROFILE[sdk=iphoneos*]" = "";
				SDKROOT = iphoneos;
				VALIDATE_PRODUCT = YES;
			};
			name = Release;
		};
		EE39628E159D343C0018B9EC /* Debug */ = {
			isa = XCBuildConfiguration;
			buildSettings = {
				"CODE_SIGN_IDENTITY[sdk=iphoneos*]" = "";
				GCC_PRECOMPILE_PREFIX_HEADER = YES;
				GCC_PREFIX_HEADER = "Cooper/Cooper-Prefix.pch";
				INFOPLIST_FILE = "Cooper/Cooper-Info.plist";
				IPHONEOS_DEPLOYMENT_TARGET = 4.0;
				PRODUCT_NAME = "$(TARGET_NAME)";
				TARGETED_DEVICE_FAMILY = "1,2";
				WRAPPER_EXTENSION = app;
			};
			name = Debug;
		};
		EE39628F159D343C0018B9EC /* Release */ = {
			isa = XCBuildConfiguration;
			buildSettings = {
				"CODE_SIGN_IDENTITY[sdk=iphoneos*]" = "";
				GCC_PRECOMPILE_PREFIX_HEADER = YES;
				GCC_PREFIX_HEADER = "Cooper/Cooper-Prefix.pch";
				INFOPLIST_FILE = "Cooper/Cooper-Info.plist";
				IPHONEOS_DEPLOYMENT_TARGET = 4.0;
				PRODUCT_NAME = "$(TARGET_NAME)";
				TARGETED_DEVICE_FAMILY = "1,2";
				WRAPPER_EXTENSION = app;
			};
			name = Release;
		};
/* End XCBuildConfiguration section */

/* Begin XCConfigurationList section */
		EE39625B159D34380018B9EC /* Build configuration list for PBXProject "Cooper" */ = {
			isa = XCConfigurationList;
			buildConfigurations = (
				EE39628B159D343C0018B9EC /* Debug */,
				EE39628C159D343C0018B9EC /* Release */,
			);
			defaultConfigurationIsVisible = 0;
			defaultConfigurationName = Release;
		};
		EE39628D159D343C0018B9EC /* Build configuration list for PBXNativeTarget "Cooper" */ = {
			isa = XCConfigurationList;
			buildConfigurations = (
				EE39628E159D343C0018B9EC /* Debug */,
				EE39628F159D343C0018B9EC /* Release */,
			);
			defaultConfigurationIsVisible = 0;
			defaultConfigurationName = Release;
		};
/* End XCConfigurationList section */

/* Begin XCVersionGroup section */
		18B99F2B15C3C67000B219E3 /* TaskModel.xcdatamodeld */ = {
			isa = XCVersionGroup;
			children = (
				18B99F2C15C3C67000B219E3 /* TaskModel.xcdatamodel */,
			);
			currentVersion = 18B99F2C15C3C67000B219E3 /* TaskModel.xcdatamodel */;
			name = TaskModel.xcdatamodeld;
			path = Models/TaskModel.xcdatamodeld;
			sourceTree = "<group>";
			versionGroupType = wrapper.xcdatamodel;
		};
/* End XCVersionGroup section */
	};
	rootObject = EE396258159D34380018B9EC /* Project object */;
}
